// !$*UTF8*$!
{
	archiveVersion = 1;
	classes = {
	};
	objectVersion = 56;
	objects = {

/* Begin PBXBuildFile section */
		52BB5C462BDF9EFE0060D1DB /* IMG_8624.jpg in Resources */ = {isa = PBXBuildFile; fileRef = 52BB5C442BDF9EFE0060D1DB /* IMG_8624.jpg */; };
		52BB5C472BDF9EFE0060D1DB /* IMG_8625.jpg in Resources */ = {isa = PBXBuildFile; fileRef = 52BB5C452BDF9EFE0060D1DB /* IMG_8625.jpg */; };
		52F18D322BDE3CA2005FA47C /* AppDelegate.swift in Sources */ = {isa = PBXBuildFile; fileRef = 52F18D312BDE3CA2005FA47C /* AppDelegate.swift */; };
		52F18D342BDE3CA2005FA47C /* SceneDelegate.swift in Sources */ = {isa = PBXBuildFile; fileRef = 52F18D332BDE3CA2005FA47C /* SceneDelegate.swift */; };
		52F18D362BDE3CA2005FA47C /* ViewController.swift in Sources */ = {isa = PBXBuildFile; fileRef = 52F18D352BDE3CA2005FA47C /* ViewController.swift */; };
		52F18D392BDE3CA2005FA47C /* Base in Resources */ = {isa = PBXBuildFile; fileRef = 52F18D382BDE3CA2005FA47C /* Base */; };
		52F18D3B2BDE3CA3005FA47C /* Assets.xcassets in Resources */ = {isa = PBXBuildFile; fileRef = 52F18D3A2BDE3CA3005FA47C /* Assets.xcassets */; };
		52F18D3E2BDE3CA3005FA47C /* Base in Resources */ = {isa = PBXBuildFile; fileRef = 52F18D3D2BDE3CA3005FA47C /* Base */; };
		52F18D492BDE3CA3005FA47C /* ProtocolTests.swift in Sources */ = {isa = PBXBuildFile; fileRef = 52F18D482BDE3CA3005FA47C /* ProtocolTests.swift */; };
		52F18D532BDE3CA4005FA47C /* ProtocolUITests.swift in Sources */ = {isa = PBXBuildFile; fileRef = 52F18D522BDE3CA4005FA47C /* ProtocolUITests.swift */; };
		52F18D552BDE3CA4005FA47C /* ProtocolUITestsLaunchTests.swift in Sources */ = {isa = PBXBuildFile; fileRef = 52F18D542BDE3CA4005FA47C /* ProtocolUITestsLaunchTests.swift */; };
		52F18D9F2BDEA0FF005FA47C /* HomeViewController.swift in Sources */ = {isa = PBXBuildFile; fileRef = 52F18D9E2BDEA0FF005FA47C /* HomeViewController.swift */; };
		52F18DA32BDEA409005FA47C /* FeddTableViewCell.xib in Resources */ = {isa = PBXBuildFile; fileRef = 52F18DA22BDEA409005FA47C /* FeddTableViewCell.xib */; };
		52F18DA42BDEA409005FA47C /* FeddTableViewCell.swift in Sources */ = {isa = PBXBuildFile; fileRef = 52F18DA12BDEA409005FA47C /* FeddTableViewCell.swift */; };
/* End PBXBuildFile section */

/* Begin PBXContainerItemProxy section */
		52F18D452BDE3CA3005FA47C /* PBXContainerItemProxy */ = {
			isa = PBXContainerItemProxy;
			containerPortal = 52F18D262BDE3CA2005FA47C /* Project object */;
			proxyType = 1;
			remoteGlobalIDString = 52F18D2D2BDE3CA2005FA47C;
			remoteInfo = Protocol;
		};
		52F18D4F2BDE3CA3005FA47C /* PBXContainerItemProxy */ = {
			isa = PBXContainerItemProxy;
			containerPortal = 52F18D262BDE3CA2005FA47C /* Project object */;
			proxyType = 1;
			remoteGlobalIDString = 52F18D2D2BDE3CA2005FA47C;
			remoteInfo = Protocol;
		};
/* End PBXContainerItemProxy section */

/* Begin PBXFileReference section */
		52BB5C442BDF9EFE0060D1DB /* IMG_8624.jpg */ = {isa = PBXFileReference; lastKnownFileType = image.jpeg; path = IMG_8624.jpg; sourceTree = "<group>"; };
		52BB5C452BDF9EFE0060D1DB /* IMG_8625.jpg */ = {isa = PBXFileReference; lastKnownFileType = image.jpeg; path = IMG_8625.jpg; sourceTree = "<group>"; };
		52F18D2E2BDE3CA2005FA47C /* Protocol.app */ = {isa = PBXFileReference; explicitFileType = wrapper.application; includeInIndex = 0; path = Protocol.app; sourceTree = BUILT_PRODUCTS_DIR; };
		52F18D312BDE3CA2005FA47C /* AppDelegate.swift */ = {isa = PBXFileReference; lastKnownFileType = sourcecode.swift; path = AppDelegate.swift; sourceTree = "<group>"; };
		52F18D332BDE3CA2005FA47C /* SceneDelegate.swift */ = {isa = PBXFileReference; lastKnownFileType = sourcecode.swift; path = SceneDelegate.swift; sourceTree = "<group>"; };
		52F18D352BDE3CA2005FA47C /* ViewController.swift */ = {isa = PBXFileReference; lastKnownFileType = sourcecode.swift; path = ViewController.swift; sourceTree = "<group>"; };
		52F18D382BDE3CA2005FA47C /* Base */ = {isa = PBXFileReference; lastKnownFileType = file.storyboard; name = Base; path = Base.lproj/Main.storyboard; sourceTree = "<group>"; };
		52F18D3A2BDE3CA3005FA47C /* Assets.xcassets */ = {isa = PBXFileReference; lastKnownFileType = folder.assetcatalog; path = Assets.xcassets; sourceTree = "<group>"; };
		52F18D3D2BDE3CA3005FA47C /* Base */ = {isa = PBXFileReference; lastKnownFileType = file.storyboard; name = Base; path = Base.lproj/LaunchScreen.storyboard; sourceTree = "<group>"; };
		52F18D3F2BDE3CA3005FA47C /* Info.plist */ = {isa = PBXFileReference; lastKnownFileType = text.plist.xml; path = Info.plist; sourceTree = "<group>"; };
		52F18D442BDE3CA3005FA47C /* ProtocolTests.xctest */ = {isa = PBXFileReference; explicitFileType = wrapper.cfbundle; includeInIndex = 0; path = ProtocolTests.xctest; sourceTree = BUILT_PRODUCTS_DIR; };
		52F18D482BDE3CA3005FA47C /* ProtocolTests.swift */ = {isa = PBXFileReference; lastKnownFileType = sourcecode.swift; path = ProtocolTests.swift; sourceTree = "<group>"; };
		52F18D4E2BDE3CA3005FA47C /* ProtocolUITests.xctest */ = {isa = PBXFileReference; explicitFileType = wrapper.cfbundle; includeInIndex = 0; path = ProtocolUITests.xctest; sourceTree = BUILT_PRODUCTS_DIR; };
		52F18D522BDE3CA4005FA47C /* ProtocolUITests.swift */ = {isa = PBXFileReference; lastKnownFileType = sourcecode.swift; path = ProtocolUITests.swift; sourceTree = "<group>"; };
		52F18D542BDE3CA4005FA47C /* ProtocolUITestsLaunchTests.swift */ = {isa = PBXFileReference; lastKnownFileType = sourcecode.swift; path = ProtocolUITestsLaunchTests.swift; sourceTree = "<group>"; };
		52F18D9E2BDEA0FF005FA47C /* HomeViewController.swift */ = {isa = PBXFileReference; lastKnownFileType = sourcecode.swift; path = HomeViewController.swift; sourceTree = "<group>"; };
		52F18DA12BDEA409005FA47C /* FeddTableViewCell.swift */ = {isa = PBXFileReference; lastKnownFileType = sourcecode.swift; path = FeddTableViewCell.swift; sourceTree = "<group>"; };
		52F18DA22BDEA409005FA47C /* FeddTableViewCell.xib */ = {isa = PBXFileReference; lastKnownFileType = file.xib; path = FeddTableViewCell.xib; sourceTree = "<group>"; };
/* End PBXFileReference section */

/* Begin PBXFrameworksBuildPhase section */
		52F18D2B2BDE3CA2005FA47C /* Frameworks */ = {
			isa = PBXFrameworksBuildPhase;
			buildActionMask = 2147483647;
			files = (
			);
			runOnlyForDeploymentPostprocessing = 0;
		};
		52F18D412BDE3CA3005FA47C /* Frameworks */ = {
			isa = PBXFrameworksBuildPhase;
			buildActionMask = 2147483647;
			files = (
			);
			runOnlyForDeploymentPostprocessing = 0;
		};
		52F18D4B2BDE3CA3005FA47C /* Frameworks */ = {
			isa = PBXFrameworksBuildPhase;
			buildActionMask = 2147483647;
			files = (
			);
			runOnlyForDeploymentPostprocessing = 0;
		};
/* End PBXFrameworksBuildPhase section */

/* Begin PBXGroup section */
		52F18D252BDE3CA2005FA47C = {
			isa = PBXGroup;
			children = (
				52F18D302BDE3CA2005FA47C /* Protocol */,
				52F18D472BDE3CA3005FA47C /* ProtocolTests */,
				52F18D512BDE3CA4005FA47C /* ProtocolUITests */,
				52F18D2F2BDE3CA2005FA47C /* Products */,
			);
			sourceTree = "<group>";
		};
		52F18D2F2BDE3CA2005FA47C /* Products */ = {
			isa = PBXGroup;
			children = (
				52F18D2E2BDE3CA2005FA47C /* Protocol.app */,
				52F18D442BDE3CA3005FA47C /* ProtocolTests.xctest */,
				52F18D4E2BDE3CA3005FA47C /* ProtocolUITests.xctest */,
			);
			name = Products;
			sourceTree = "<group>";
		};
		52F18D302BDE3CA2005FA47C /* Protocol */ = {
			isa = PBXGroup;
			children = (
				52F18DA02BDEA3D7005FA47C /* Cell */,
				52F18D9D2BDEA0EA005FA47C /* Home */,
				52F18D312BDE3CA2005FA47C /* AppDelegate.swift */,
				52F18D332BDE3CA2005FA47C /* SceneDelegate.swift */,
				52F18D352BDE3CA2005FA47C /* ViewController.swift */,
				52F18D372BDE3CA2005FA47C /* Main.storyboard */,
				52F18D3A2BDE3CA3005FA47C /* Assets.xcassets */,
				52BB5C442BDF9EFE0060D1DB /* IMG_8624.jpg */,
				52BB5C452BDF9EFE0060D1DB /* IMG_8625.jpg */,
				52F18D3C2BDE3CA3005FA47C /* LaunchScreen.storyboard */,
				52F18D3F2BDE3CA3005FA47C /* Info.plist */,
			);
			path = Protocol;
			sourceTree = "<group>";
		};
		52F18D472BDE3CA3005FA47C /* ProtocolTests */ = {
			isa = PBXGroup;
			children = (
				52F18D482BDE3CA3005FA47C /* ProtocolTests.swift */,
			);
			path = ProtocolTests;
			sourceTree = "<group>";
		};
		52F18D512BDE3CA4005FA47C /* ProtocolUITests */ = {
			isa = PBXGroup;
			children = (
				52F18D522BDE3CA4005FA47C /* ProtocolUITests.swift */,
				52F18D542BDE3CA4005FA47C /* ProtocolUITestsLaunchTests.swift */,
			);
			path = ProtocolUITests;
			sourceTree = "<group>";
		};
		52F18D9D2BDEA0EA005FA47C /* Home */ = {
			isa = PBXGroup;
			children = (
				52F18D9E2BDEA0FF005FA47C /* HomeViewController.swift */,
			);
			path = Home;
			sourceTree = "<group>";
		};
		52F18DA02BDEA3D7005FA47C /* Cell */ = {
			isa = PBXGroup;
			children = (
				52F18DA12BDEA409005FA47C /* FeddTableViewCell.swift */,
				52F18DA22BDEA409005FA47C /* FeddTableViewCell.xib */,
			);
			path = Cell;
			sourceTree = "<group>";
		};
/* End PBXGroup section */

/* Begin PBXNativeTarget section */
		52F18D2D2BDE3CA2005FA47C /* Protocol */ = {
			isa = PBXNativeTarget;
			buildConfigurationList = 52F18D582BDE3CA4005FA47C /* Build configuration list for PBXNativeTarget "Protocol" */;
			buildPhases = (
				52F18D2A2BDE3CA2005FA47C /* Sources */,
				52F18D2B2BDE3CA2005FA47C /* Frameworks */,
				52F18D2C2BDE3CA2005FA47C /* Resources */,
			);
			buildRules = (
			);
			dependencies = (
			);
			name = Protocol;
			productName = Protocol;
			productReference = 52F18D2E2BDE3CA2005FA47C /* Protocol.app */;
			productType = "com.apple.product-type.application";
		};
		52F18D432BDE3CA3005FA47C /* ProtocolTests */ = {
			isa = PBXNativeTarget;
			buildConfigurationList = 52F18D5B2BDE3CA4005FA47C /* Build configuration list for PBXNativeTarget "ProtocolTests" */;
			buildPhases = (
				52F18D402BDE3CA3005FA47C /* Sources */,
				52F18D412BDE3CA3005FA47C /* Frameworks */,
				52F18D422BDE3CA3005FA47C /* Resources */,
			);
			buildRules = (
			);
			dependencies = (
				52F18D462BDE3CA3005FA47C /* PBXTargetDependency */,
			);
			name = ProtocolTests;
			productName = ProtocolTests;
			productReference = 52F18D442BDE3CA3005FA47C /* ProtocolTests.xctest */;
			productType = "com.apple.product-type.bundle.unit-test";
		};
		52F18D4D2BDE3CA3005FA47C /* ProtocolUITests */ = {
			isa = PBXNativeTarget;
			buildConfigurationList = 52F18D5E2BDE3CA4005FA47C /* Build configuration list for PBXNativeTarget "ProtocolUITests" */;
			buildPhases = (
				52F18D4A2BDE3CA3005FA47C /* Sources */,
				52F18D4B2BDE3CA3005FA47C /* Frameworks */,
				52F18D4C2BDE3CA3005FA47C /* Resources */,
			);
			buildRules = (
			);
			dependencies = (
				52F18D502BDE3CA3005FA47C /* PBXTargetDependency */,
			);
			name = ProtocolUITests;
			productName = ProtocolUITests;
			productReference = 52F18D4E2BDE3CA3005FA47C /* ProtocolUITests.xctest */;
			productType = "com.apple.product-type.bundle.ui-testing";
		};
/* End PBXNativeTarget section */

/* Begin PBXProject section */
		52F18D262BDE3CA2005FA47C /* Project object */ = {
			isa = PBXProject;
			attributes = {
				BuildIndependentTargetsInParallel = 1;
				LastSwiftUpdateCheck = 1530;
				LastUpgradeCheck = 1530;
				TargetAttributes = {
					52F18D2D2BDE3CA2005FA47C = {
						CreatedOnToolsVersion = 15.3;
					};
					52F18D432BDE3CA3005FA47C = {
						CreatedOnToolsVersion = 15.3;
						TestTargetID = 52F18D2D2BDE3CA2005FA47C;
					};
					52F18D4D2BDE3CA3005FA47C = {
						CreatedOnToolsVersion = 15.3;
						TestTargetID = 52F18D2D2BDE3CA2005FA47C;
					};
				};
			};
			buildConfigurationList = 52F18D292BDE3CA2005FA47C /* Build configuration list for PBXProject "Protocol" */;
			compatibilityVersion = "Xcode 14.0";
			developmentRegion = en;
			hasScannedForEncodings = 0;
			knownRegions = (
				en,
				Base,
			);
			mainGroup = 52F18D252BDE3CA2005FA47C;
			productRefGroup = 52F18D2F2BDE3CA2005FA47C /* Products */;
			projectDirPath = "";
			projectRoot = "";
			targets = (
				52F18D2D2BDE3CA2005FA47C /* Protocol */,
				52F18D432BDE3CA3005FA47C /* ProtocolTests */,
				52F18D4D2BDE3CA3005FA47C /* ProtocolUITests */,
			);
		};
/* End PBXProject section */

/* Begin PBXResourcesBuildPhase section */
		52F18D2C2BDE3CA2005FA47C /* Resources */ = {
			isa = PBXResourcesBuildPhase;
			buildActionMask = 2147483647;
			files = (
				52F18DA32BDEA409005FA47C /* FeddTableViewCell.xib in Resources */,
				52F18D3B2BDE3CA3005FA47C /* Assets.xcassets in Resources */,
				52BB5C472BDF9EFE0060D1DB /* IMG_8625.jpg in Resources */,
				52F18D3E2BDE3CA3005FA47C /* Base in Resources */,
				52F18D392BDE3CA2005FA47C /* Base in Resources */,
				52BB5C462BDF9EFE0060D1DB /* IMG_8624.jpg in Resources */,
			);
			runOnlyForDeploymentPostprocessing = 0;
		};
		52F18D422BDE3CA3005FA47C /* Resources */ = {
			isa = PBXResourcesBuildPhase;
			buildActionMask = 2147483647;
			files = (
			);
			runOnlyForDeploymentPostprocessing = 0;
		};
		52F18D4C2BDE3CA3005FA47C /* Resources */ = {
			isa = PBXResourcesBuildPhase;
			buildActionMask = 2147483647;
			files = (
			);
			runOnlyForDeploymentPostprocessing = 0;
		};
/* End PBXResourcesBuildPhase section */

/* Begin PBXSourcesBuildPhase section */
		52F18D2A2BDE3CA2005FA47C /* Sources */ = {
			isa = PBXSourcesBuildPhase;
			buildActionMask = 2147483647;
			files = (
				52F18DA42BDEA409005FA47C /* FeddTableViewCell.swift in Sources */,
				52F18D362BDE3CA2005FA47C /* ViewController.swift in Sources */,
				52F18D322BDE3CA2005FA47C /* AppDelegate.swift in Sources */,
				52F18D342BDE3CA2005FA47C /* SceneDelegate.swift in Sources */,
				52F18D9F2BDEA0FF005FA47C /* HomeViewController.swift in Sources */,
			);
			runOnlyForDeploymentPostprocessing = 0;
		};
		52F18D402BDE3CA3005FA47C /* Sources */ = {
			isa = PBXSourcesBuildPhase;
			buildActionMask = 2147483647;
			files = (
				52F18D492BDE3CA3005FA47C /* ProtocolTests.swift in Sources */,
			);
			runOnlyForDeploymentPostprocessing = 0;
		};
		52F18D4A2BDE3CA3005FA47C /* Sources */ = {
			isa = PBXSourcesBuildPhase;
			buildActionMask = 2147483647;
			files = (
				52F18D552BDE3CA4005FA47C /* ProtocolUITestsLaunchTests.swift in Sources */,
				52F18D532BDE3CA4005FA47C /* ProtocolUITests.swift in Sources */,
			);
			runOnlyForDeploymentPostprocessing = 0;
		};
/* End PBXSourcesBuildPhase section */

/* Begin PBXTargetDependency section */
		52F18D462BDE3CA3005FA47C /* PBXTargetDependency */ = {
			isa = PBXTargetDependency;
			target = 52F18D2D2BDE3CA2005FA47C /* Protocol */;
			targetProxy = 52F18D452BDE3CA3005FA47C /* PBXContainerItemProxy */;
		};
		52F18D502BDE3CA3005FA47C /* PBXTargetDependency */ = {
			isa = PBXTargetDependency;
			target = 52F18D2D2BDE3CA2005FA47C /* Protocol */;
			targetProxy = 52F18D4F2BDE3CA3005FA47C /* PBXContainerItemProxy */;
		};
/* End PBXTargetDependency section */

/* Begin PBXVariantGroup section */
		52F18D372BDE3CA2005FA47C /* Main.storyboard */ = {
			isa = PBXVariantGroup;
			children = (
				52F18D382BDE3CA2005FA47C /* Base */,
			);
			name = Main.storyboard;
			sourceTree = "<group>";
		};
		52F18D3C2BDE3CA3005FA47C /* LaunchScreen.storyboard */ = {
			isa = PBXVariantGroup;
			children = (
				52F18D3D2BDE3CA3005FA47C /* Base */,
			);
			name = LaunchScreen.storyboard;
			sourceTree = "<group>";
		};
/* End PBXVariantGroup section */

/* Begin XCBuildConfiguration section */
		52F18D562BDE3CA4005FA47C /* Debug */ = {
			isa = XCBuildConfiguration;
			buildSettings = {
				ALWAYS_SEARCH_USER_PATHS = NO;
				ASSETCATALOG_COMPILER_GENERATE_SWIFT_ASSET_SYMBOL_EXTENSIONS = YES;
				CLANG_ANALYZER_NONNULL = YES;
				CLANG_ANALYZER_NUMBER_OBJECT_CONVERSION = YES_AGGRESSIVE;
				CLANG_CXX_LANGUAGE_STANDARD = "gnu++20";
				CLANG_ENABLE_MODULES = YES;
				CLANG_ENABLE_OBJC_ARC = YES;
				CLANG_ENABLE_OBJC_WEAK = YES;
				CLANG_WARN_BLOCK_CAPTURE_AUTORELEASING = YES;
				CLANG_WARN_BOOL_CONVERSION = YES;
				CLANG_WARN_COMMA = YES;
				CLANG_WARN_CONSTANT_CONVERSION = YES;
				CLANG_WARN_DEPRECATED_OBJC_IMPLEMENTATIONS = YES;
				CLANG_WARN_DIRECT_OBJC_ISA_USAGE = YES_ERROR;
				CLANG_WARN_DOCUMENTATION_COMMENTS = YES;
				CLANG_WARN_EMPTY_BODY = YES;
				CLANG_WARN_ENUM_CONVERSION = YES;
				CLANG_WARN_INFINITE_RECURSION = YES;
				CLANG_WARN_INT_CONVERSION = YES;
				CLANG_WARN_NON_LITERAL_NULL_CONVERSION = YES;
				CLANG_WARN_OBJC_IMPLICIT_RETAIN_SELF = YES;
				CLANG_WARN_OBJC_LITERAL_CONVERSION = YES;
				CLANG_WARN_OBJC_ROOT_CLASS = YES_ERROR;
				CLANG_WARN_QUOTED_INCLUDE_IN_FRAMEWORK_HEADER = YES;
				CLANG_WARN_RANGE_LOOP_ANALYSIS = YES;
				CLANG_WARN_STRICT_PROTOTYPES = YES;
				CLANG_WARN_SUSPICIOUS_MOVE = YES;
				CLANG_WARN_UNGUARDED_AVAILABILITY = YES_AGGRESSIVE;
				CLANG_WARN_UNREACHABLE_CODE = YES;
				CLANG_WARN__DUPLICATE_METHOD_MATCH = YES;
				COPY_PHASE_STRIP = NO;
				DEBUG_INFORMATION_FORMAT = dwarf;
				ENABLE_STRICT_OBJC_MSGSEND = YES;
				ENABLE_TESTABILITY = YES;
				ENABLE_USER_SCRIPT_SANDBOXING = YES;
				GCC_C_LANGUAGE_STANDARD = gnu17;
				GCC_DYNAMIC_NO_PIC = NO;
				GCC_NO_COMMON_BLOCKS = YES;
				GCC_OPTIMIZATION_LEVEL = 0;
				GCC_PREPROCESSOR_DEFINITIONS = (
					"DEBUG=1",
					"$(inherited)",
				);
				GCC_WARN_64_TO_32_BIT_CONVERSION = YES;
				GCC_WARN_ABOUT_RETURN_TYPE = YES_ERROR;
				GCC_WARN_UNDECLARED_SELECTOR = YES;
				GCC_WARN_UNINITIALIZED_AUTOS = YES_AGGRESSIVE;
				GCC_WARN_UNUSED_FUNCTION = YES;
				GCC_WARN_UNUSED_VARIABLE = YES;
				IPHONEOS_DEPLOYMENT_TARGET = 17.4;
				LOCALIZATION_PREFERS_STRING_CATALOGS = YES;
				MTL_ENABLE_DEBUG_INFO = INCLUDE_SOURCE;
				MTL_FAST_MATH = YES;
				ONLY_ACTIVE_ARCH = YES;
				SDKROOT = iphoneos;
				SWIFT_ACTIVE_COMPILATION_CONDITIONS = "DEBUG $(inherited)";
				SWIFT_OPTIMIZATION_LEVEL = "-Onone";
			};
			name = Debug;
		};
		52F18D572BDE3CA4005FA47C /* Release */ = {
			isa = XCBuildConfiguration;
			buildSettings = {
				ALWAYS_SEARCH_USER_PATHS = NO;
				ASSETCATALOG_COMPILER_GENERATE_SWIFT_ASSET_SYMBOL_EXTENSIONS = YES;
				CLANG_ANALYZER_NONNULL = YES;
				CLANG_ANALYZER_NUMBER_OBJECT_CONVERSION = YES_AGGRESSIVE;
				CLANG_CXX_LANGUAGE_STANDARD = "gnu++20";
				CLANG_ENABLE_MODULES = YES;
				CLANG_ENABLE_OBJC_ARC = YES;
				CLANG_ENABLE_OBJC_WEAK = YES;
				CLANG_WARN_BLOCK_CAPTURE_AUTORELEASING = YES;
				CLANG_WARN_BOOL_CONVERSION = YES;
				CLANG_WARN_COMMA = YES;
				CLANG_WARN_CONSTANT_CONVERSION = YES;
				CLANG_WARN_DEPRECATED_OBJC_IMPLEMENTATIONS = YES;
				CLANG_WARN_DIRECT_OBJC_ISA_USAGE = YES_ERROR;
				CLANG_WARN_DOCUMENTATION_COMMENTS = YES;
				CLANG_WARN_EMPTY_BODY = YES;
				CLANG_WARN_ENUM_CONVERSION = YES;
				CLANG_WARN_INFINITE_RECURSION = YES;
				CLANG_WARN_INT_CONVERSION = YES;
				CLANG_WARN_NON_LITERAL_NULL_CONVERSION = YES;
				CLANG_WARN_OBJC_IMPLICIT_RETAIN_SELF = YES;
				CLANG_WARN_OBJC_LITERAL_CONVERSION = YES;
				CLANG_WARN_OBJC_ROOT_CLASS = YES_ERROR;
				CLANG_WARN_QUOTED_INCLUDE_IN_FRAMEWORK_HEADER = YES;
				CLANG_WARN_RANGE_LOOP_ANALYSIS = YES;
				CLANG_WARN_STRICT_PROTOTYPES = YES;
				CLANG_WARN_SUSPICIOUS_MOVE = YES;
				CLANG_WARN_UNGUARDED_AVAILABILITY = YES_AGGRESSIVE;
				CLANG_WARN_UNREACHABLE_CODE = YES;
				CLANG_WARN__DUPLICATE_METHOD_MATCH = YES;
				COPY_PHASE_STRIP = NO;
				DEBUG_INFORMATION_FORMAT = "dwarf-with-dsym";
				ENABLE_NS_ASSERTIONS = NO;
				ENABLE_STRICT_OBJC_MSGSEND = YES;
				ENABLE_USER_SCRIPT_SANDBOXING = YES;
				GCC_C_LANGUAGE_STANDARD = gnu17;
				GCC_NO_COMMON_BLOCKS = YES;
				GCC_WARN_64_TO_32_BIT_CONVERSION = YES;
				GCC_WARN_ABOUT_RETURN_TYPE = YES_ERROR;
				GCC_WARN_UNDECLARED_SELECTOR = YES;
				GCC_WARN_UNINITIALIZED_AUTOS = YES_AGGRESSIVE;
				GCC_WARN_UNUSED_FUNCTION = YES;
				GCC_WARN_UNUSED_VARIABLE = YES;
				IPHONEOS_DEPLOYMENT_TARGET = 17.4;
				LOCALIZATION_PREFERS_STRING_CATALOGS = YES;
				MTL_ENABLE_DEBUG_INFO = NO;
				MTL_FAST_MATH = YES;
				SDKROOT = iphoneos;
				SWIFT_COMPILATION_MODE = wholemodule;
				VALIDATE_PRODUCT = YES;
			};
			name = Release;
		};
		52F18D592BDE3CA4005FA47C /* Debug */ = {
			isa = XCBuildConfiguration;
			buildSettings = {
				ASSETCATALOG_COMPILER_APPICON_NAME = AppIcon;
				ASSETCATALOG_COMPILER_GLOBAL_ACCENT_COLOR_NAME = AccentColor;
				CODE_SIGN_STYLE = Automatic;
				CURRENT_PROJECT_VERSION = 1;
				GENERATE_INFOPLIST_FILE = YES;
				INFOPLIST_FILE = Protocol/Info.plist;
				INFOPLIST_KEY_UIApplicationSupportsIndirectInputEvents = YES;
				INFOPLIST_KEY_UILaunchStoryboardName = LaunchScreen;
				INFOPLIST_KEY_UIMainStoryboardFile = Main;
				INFOPLIST_KEY_UISupportedInterfaceOrientations_iPad = "UIInterfaceOrientationPortrait UIInterfaceOrientationPortraitUpsideDown UIInterfaceOrientationLandscapeLeft UIInterfaceOrientationLandscapeRight";
				INFOPLIST_KEY_UISupportedInterfaceOrientations_iPhone = "UIInterfaceOrientationPortrait UIInterfaceOrientationLandscapeLeft UIInterfaceOrientationLandscapeRight";
				LD_RUNPATH_SEARCH_PATHS = (
					"$(inherited)",
					"@executable_path/Frameworks",
				);
				MARKETING_VERSION = 1.0;
				PRODUCT_BUNDLE_IDENTIFIER = study.Protocol;
				PRODUCT_NAME = "$(TARGET_NAME)";
				SWIFT_EMIT_LOC_STRINGS = YES;
				SWIFT_VERSION = 5.0;
				TARGETED_DEVICE_FAMILY = "1,2";
			};
			name = Debug;
		};
		52F18D5A2BDE3CA4005FA47C /* Release */ = {
			isa = XCBuildConfiguration;
			buildSettings = {
				ASSETCATALOG_COMPILER_APPICON_NAME = AppIcon;
				ASSETCATALOG_COMPILER_GLOBAL_ACCENT_COLOR_NAME = AccentColor;
				CODE_SIGN_STYLE = Automatic;
				CURRENT_PROJECT_VERSION = 1;
				GENERATE_INFOPLIST_FILE = YES;
				INFOPLIST_FILE = Protocol/Info.plist;
				INFOPLIST_KEY_UIApplicationSupportsIndirectInputEvents = YES;
				INFOPLIST_KEY_UILaunchStoryboardName = LaunchScreen;
				INFOPLIST_KEY_UIMainStoryboardFile = Main;
				INFOPLIST_KEY_UISupportedInterfaceOrientations_iPad = "UIInterfaceOrientationPortrait UIInterfaceOrientationPortraitUpsideDown UIInterfaceOrientationLandscapeLeft UIInterfaceOrientationLandscapeRight";
				INFOPLIST_KEY_UISupportedInterfaceOrientations_iPhone = "UIInterfaceOrientationPortrait UIInterfaceOrientationLandscapeLeft UIInterfaceOrientationLandscapeRight";
				LD_RUNPATH_SEARCH_PATHS = (
					"$(inherited)",
					"@executable_path/Frameworks",
				);
				MARKETING_VERSION = 1.0;
				PRODUCT_BUNDLE_IDENTIFIER = study.Protocol;
				PRODUCT_NAME = "$(TARGET_NAME)";
				SWIFT_EMIT_LOC_STRINGS = YES;
				SWIFT_VERSION = 5.0;
				TARGETED_DEVICE_FAMILY = "1,2";
			};
			name = Release;
		};
		52F18D5C2BDE3CA4005FA47C /* Debug */ = {
			isa = XCBuildConfiguration;
			buildSettings = {
				ALWAYS_EMBED_SWIFT_STANDARD_LIBRARIES = YES;
				BUNDLE_LOADER = "$(TEST_HOST)";
				CODE_SIGN_STYLE = Automatic;
				CURRENT_PROJECT_VERSION = 1;
				GENERATE_INFOPLIST_FILE = YES;
				IPHONEOS_DEPLOYMENT_TARGET = 17.4;
				MARKETING_VERSION = 1.0;
				PRODUCT_BUNDLE_IDENTIFIER = study.ProtocolTests;
				PRODUCT_NAME = "$(TARGET_NAME)";
				SWIFT_EMIT_LOC_STRINGS = NO;
				SWIFT_VERSION = 5.0;
				TARGETED_DEVICE_FAMILY = "1,2";
				TEST_HOST = "$(BUILT_PRODUCTS_DIR)/Protocol.app/$(BUNDLE_EXECUTABLE_FOLDER_PATH)/Protocol";
			};
			name = Debug;
		};
		52F18D5D2BDE3CA4005FA47C /* Release */ = {
			isa = XCBuildConfiguration;
			buildSettings = {
				ALWAYS_EMBED_SWIFT_STANDARD_LIBRARIES = YES;
				BUNDLE_LOADER = "$(TEST_HOST)";
				CODE_SIGN_STYLE = Automatic;
				CURRENT_PROJECT_VERSION = 1;
				GENERATE_INFOPLIST_FILE = YES;
				IPHONEOS_DEPLOYMENT_TARGET = 17.4;
				MARKETING_VERSION = 1.0;
				PRODUCT_BUNDLE_IDENTIFIER = study.ProtocolTests;
				PRODUCT_NAME = "$(TARGET_NAME)";
				SWIFT_EMIT_LOC_STRINGS = NO;
				SWIFT_VERSION = 5.0;
				TARGETED_DEVICE_FAMILY = "1,2";
				TEST_HOST = "$(BUILT_PRODUCTS_DIR)/Protocol.app/$(BUNDLE_EXECUTABLE_FOLDER_PATH)/Protocol";
			};
			name = Release;
		};
		52F18D5F2BDE3CA4005FA47C /* Debug */ = {
			isa = XCBuildConfiguration;
			buildSettings = {
				ALWAYS_EMBED_SWIFT_STANDARD_LIBRARIES = YES;
				CODE_SIGN_STYLE = Automatic;
				CURRENT_PROJECT_VERSION = 1;
				GENERATE_INFOPLIST_FILE = YES;
				MARKETING_VERSION = 1.0;
				PRODUCT_BUNDLE_IDENTIFIER = study.ProtocolUITests;
				PRODUCT_NAME = "$(TARGET_NAME)";
				SWIFT_EMIT_LOC_STRINGS = NO;
				SWIFT_VERSION = 5.0;
				TARGETED_DEVICE_FAMILY = "1,2";
				TEST_TARGET_NAME = Protocol;
			};
			name = Debug;
		};
		52F18D602BDE3CA4005FA47C /* Release */ = {
			isa = XCBuildConfiguration;
			buildSettings = {
				ALWAYS_EMBED_SWIFT_STANDARD_LIBRARIES = YES;
				CODE_SIGN_STYLE = Automatic;
				CURRENT_PROJECT_VERSION = 1;
				GENERATE_INFOPLIST_FILE = YES;
				MARKETING_VERSION = 1.0;
				PRODUCT_BUNDLE_IDENTIFIER = study.ProtocolUITests;
				PRODUCT_NAME = "$(TARGET_NAME)";
				SWIFT_EMIT_LOC_STRINGS = NO;
				SWIFT_VERSION = 5.0;
				TARGETED_DEVICE_FAMILY = "1,2";
				TEST_TARGET_NAME = Protocol;
			};
			name = Release;
		};
/* End XCBuildConfiguration section */

/* Begin XCConfigurationList section */
		52F18D292BDE3CA2005FA47C /* Build configuration list for PBXProject "Protocol" */ = {
			isa = XCConfigurationList;
			buildConfigurations = (
				52F18D562BDE3CA4005FA47C /* Debug */,
				52F18D572BDE3CA4005FA47C /* Release */,
			);
			defaultConfigurationIsVisible = 0;
			defaultConfigurationName = Release;
		};
		52F18D582BDE3CA4005FA47C /* Build configuration list for PBXNativeTarget "Protocol" */ = {
			isa = XCConfigurationList;
			buildConfigurations = (
				52F18D592BDE3CA4005FA47C /* Debug */,
				52F18D5A2BDE3CA4005FA47C /* Release */,
			);
			defaultConfigurationIsVisible = 0;
			defaultConfigurationName = Release;
		};
		52F18D5B2BDE3CA4005FA47C /* Build configuration list for PBXNativeTarget "ProtocolTests" */ = {
			isa = XCConfigurationList;
			buildConfigurations = (
				52F18D5C2BDE3CA4005FA47C /* Debug */,
				52F18D5D2BDE3CA4005FA47C /* Release */,
			);
			defaultConfigurationIsVisible = 0;
			defaultConfigurationName = Release;
		};
		52F18D5E2BDE3CA4005FA47C /* Build configuration list for PBXNativeTarget "ProtocolUITests" */ = {
			isa = XCConfigurationList;
			buildConfigurations = (
				52F18D5F2BDE3CA4005FA47C /* Debug */,
				52F18D602BDE3CA4005FA47C /* Release */,
			);
			defaultConfigurationIsVisible = 0;
			defaultConfigurationName = Release;
		};
/* End XCConfigurationList section */
	};
	rootObject = 52F18D262BDE3CA2005FA47C /* Project object */;
}
