// !$*UTF8*$!
{
	archiveVersion = 1;
	classes = {
	};
	objectVersion = 56;
	objects = {

/* Begin PBXBuildFile section */
		520A4FDB2BC3F9D400D9C9C0 /* AppDelegate.swift in Sources */ = {isa = PBXBuildFile; fileRef = 520A4FDA2BC3F9D400D9C9C0 /* AppDelegate.swift */; };
		520A4FDD2BC3F9D400D9C9C0 /* SceneDelegate.swift in Sources */ = {isa = PBXBuildFile; fileRef = 520A4FDC2BC3F9D400D9C9C0 /* SceneDelegate.swift */; };
		520A4FDF2BC3F9D400D9C9C0 /* ViewController.swift in Sources */ = {isa = PBXBuildFile; fileRef = 520A4FDE2BC3F9D400D9C9C0 /* ViewController.swift */; };
		520A4FE22BC3F9D400D9C9C0 /* Base in Resources */ = {isa = PBXBuildFile; fileRef = 520A4FE12BC3F9D400D9C9C0 /* Base */; };
		520A4FE42BC3F9D600D9C9C0 /* Assets.xcassets in Resources */ = {isa = PBXBuildFile; fileRef = 520A4FE32BC3F9D600D9C9C0 /* Assets.xcassets */; };
		520A4FE72BC3F9D600D9C9C0 /* Base in Resources */ = {isa = PBXBuildFile; fileRef = 520A4FE62BC3F9D600D9C9C0 /* Base */; };
		520A4FF22BC3F9D600D9C9C0 /* randomTests.swift in Sources */ = {isa = PBXBuildFile; fileRef = 520A4FF12BC3F9D600D9C9C0 /* randomTests.swift */; };
		520A4FFC2BC3F9D600D9C9C0 /* randomUITests.swift in Sources */ = {isa = PBXBuildFile; fileRef = 520A4FFB2BC3F9D600D9C9C0 /* randomUITests.swift */; };
		520A4FFE2BC3F9D600D9C9C0 /* randomUITestsLaunchTests.swift in Sources */ = {isa = PBXBuildFile; fileRef = 520A4FFD2BC3F9D600D9C9C0 /* randomUITestsLaunchTests.swift */; };
/* End PBXBuildFile section */

/* Begin PBXContainerItemProxy section */
		520A4FEE2BC3F9D600D9C9C0 /* PBXContainerItemProxy */ = {
			isa = PBXContainerItemProxy;
			containerPortal = 520A4FCF2BC3F9D400D9C9C0 /* Project object */;
			proxyType = 1;
			remoteGlobalIDString = 520A4FD62BC3F9D400D9C9C0;
			remoteInfo = random;
		};
		520A4FF82BC3F9D600D9C9C0 /* PBXContainerItemProxy */ = {
			isa = PBXContainerItemProxy;
			containerPortal = 520A4FCF2BC3F9D400D9C9C0 /* Project object */;
			proxyType = 1;
			remoteGlobalIDString = 520A4FD62BC3F9D400D9C9C0;
			remoteInfo = random;
		};
/* End PBXContainerItemProxy section */

/* Begin PBXFileReference section */
		520A4FD72BC3F9D400D9C9C0 /* random.app */ = {isa = PBXFileReference; explicitFileType = wrapper.application; includeInIndex = 0; path = random.app; sourceTree = BUILT_PRODUCTS_DIR; };
		520A4FDA2BC3F9D400D9C9C0 /* AppDelegate.swift */ = {isa = PBXFileReference; lastKnownFileType = sourcecode.swift; path = AppDelegate.swift; sourceTree = "<group>"; };
		520A4FDC2BC3F9D400D9C9C0 /* SceneDelegate.swift */ = {isa = PBXFileReference; lastKnownFileType = sourcecode.swift; path = SceneDelegate.swift; sourceTree = "<group>"; };
		520A4FDE2BC3F9D400D9C9C0 /* ViewController.swift */ = {isa = PBXFileReference; lastKnownFileType = sourcecode.swift; path = ViewController.swift; sourceTree = "<group>"; };
		520A4FE12BC3F9D400D9C9C0 /* Base */ = {isa = PBXFileReference; lastKnownFileType = file.storyboard; name = Base; path = Base.lproj/Main.storyboard; sourceTree = "<group>"; };
		520A4FE32BC3F9D600D9C9C0 /* Assets.xcassets */ = {isa = PBXFileReference; lastKnownFileType = folder.assetcatalog; path = Assets.xcassets; sourceTree = "<group>"; };
		520A4FE62BC3F9D600D9C9C0 /* Base */ = {isa = PBXFileReference; lastKnownFileType = file.storyboard; name = Base; path = Base.lproj/LaunchScreen.storyboard; sourceTree = "<group>"; };
		520A4FE82BC3F9D600D9C9C0 /* Info.plist */ = {isa = PBXFileReference; lastKnownFileType = text.plist.xml; path = Info.plist; sourceTree = "<group>"; };
		520A4FED2BC3F9D600D9C9C0 /* randomTests.xctest */ = {isa = PBXFileReference; explicitFileType = wrapper.cfbundle; includeInIndex = 0; path = randomTests.xctest; sourceTree = BUILT_PRODUCTS_DIR; };
		520A4FF12BC3F9D600D9C9C0 /* randomTests.swift */ = {isa = PBXFileReference; lastKnownFileType = sourcecode.swift; path = randomTests.swift; sourceTree = "<group>"; };
		520A4FF72BC3F9D600D9C9C0 /* randomUITests.xctest */ = {isa = PBXFileReference; explicitFileType = wrapper.cfbundle; includeInIndex = 0; path = randomUITests.xctest; sourceTree = BUILT_PRODUCTS_DIR; };
		520A4FFB2BC3F9D600D9C9C0 /* randomUITests.swift */ = {isa = PBXFileReference; lastKnownFileType = sourcecode.swift; path = randomUITests.swift; sourceTree = "<group>"; };
		520A4FFD2BC3F9D600D9C9C0 /* randomUITestsLaunchTests.swift */ = {isa = PBXFileReference; lastKnownFileType = sourcecode.swift; path = randomUITestsLaunchTests.swift; sourceTree = "<group>"; };
/* End PBXFileReference section */

/* Begin PBXFrameworksBuildPhase section */
		520A4FD42BC3F9D400D9C9C0 /* Frameworks */ = {
			isa = PBXFrameworksBuildPhase;
			buildActionMask = 2147483647;
			files = (
			);
			runOnlyForDeploymentPostprocessing = 0;
		};
		520A4FEA2BC3F9D600D9C9C0 /* Frameworks */ = {
			isa = PBXFrameworksBuildPhase;
			buildActionMask = 2147483647;
			files = (
			);
			runOnlyForDeploymentPostprocessing = 0;
		};
		520A4FF42BC3F9D600D9C9C0 /* Frameworks */ = {
			isa = PBXFrameworksBuildPhase;
			buildActionMask = 2147483647;
			files = (
			);
			runOnlyForDeploymentPostprocessing = 0;
		};
/* End PBXFrameworksBuildPhase section */

/* Begin PBXGroup section */
		520A4FCE2BC3F9D400D9C9C0 = {
			isa = PBXGroup;
			children = (
				520A4FD92BC3F9D400D9C9C0 /* random */,
				520A4FF02BC3F9D600D9C9C0 /* randomTests */,
				520A4FFA2BC3F9D600D9C9C0 /* randomUITests */,
				520A4FD82BC3F9D400D9C9C0 /* Products */,
			);
			sourceTree = "<group>";
		};
		520A4FD82BC3F9D400D9C9C0 /* Products */ = {
			isa = PBXGroup;
			children = (
				520A4FD72BC3F9D400D9C9C0 /* random.app */,
				520A4FED2BC3F9D600D9C9C0 /* randomTests.xctest */,
				520A4FF72BC3F9D600D9C9C0 /* randomUITests.xctest */,
			);
			name = Products;
			sourceTree = "<group>";
		};
		520A4FD92BC3F9D400D9C9C0 /* random */ = {
			isa = PBXGroup;
			children = (
				520A4FDA2BC3F9D400D9C9C0 /* AppDelegate.swift */,
				520A4FDC2BC3F9D400D9C9C0 /* SceneDelegate.swift */,
				520A4FDE2BC3F9D400D9C9C0 /* ViewController.swift */,
				520A4FE02BC3F9D400D9C9C0 /* Main.storyboard */,
				520A4FE32BC3F9D600D9C9C0 /* Assets.xcassets */,
				520A4FE52BC3F9D600D9C9C0 /* LaunchScreen.storyboard */,
				520A4FE82BC3F9D600D9C9C0 /* Info.plist */,
			);
			path = random;
			sourceTree = "<group>";
		};
		520A4FF02BC3F9D600D9C9C0 /* randomTests */ = {
			isa = PBXGroup;
			children = (
				520A4FF12BC3F9D600D9C9C0 /* randomTests.swift */,
			);
			path = randomTests;
			sourceTree = "<group>";
		};
		520A4FFA2BC3F9D600D9C9C0 /* randomUITests */ = {
			isa = PBXGroup;
			children = (
				520A4FFB2BC3F9D600D9C9C0 /* randomUITests.swift */,
				520A4FFD2BC3F9D600D9C9C0 /* randomUITestsLaunchTests.swift */,
			);
			path = randomUITests;
			sourceTree = "<group>";
		};
/* End PBXGroup section */

/* Begin PBXNativeTarget section */
		520A4FD62BC3F9D400D9C9C0 /* random */ = {
			isa = PBXNativeTarget;
			buildConfigurationList = 520A50012BC3F9D600D9C9C0 /* Build configuration list for PBXNativeTarget "random" */;
			buildPhases = (
				520A4FD32BC3F9D400D9C9C0 /* Sources */,
				520A4FD42BC3F9D400D9C9C0 /* Frameworks */,
				520A4FD52BC3F9D400D9C9C0 /* Resources */,
			);
			buildRules = (
			);
			dependencies = (
			);
			name = random;
			productName = random;
			productReference = 520A4FD72BC3F9D400D9C9C0 /* random.app */;
			productType = "com.apple.product-type.application";
		};
		520A4FEC2BC3F9D600D9C9C0 /* randomTests */ = {
			isa = PBXNativeTarget;
			buildConfigurationList = 520A50042BC3F9D600D9C9C0 /* Build configuration list for PBXNativeTarget "randomTests" */;
			buildPhases = (
				520A4FE92BC3F9D600D9C9C0 /* Sources */,
				520A4FEA2BC3F9D600D9C9C0 /* Frameworks */,
				520A4FEB2BC3F9D600D9C9C0 /* Resources */,
			);
			buildRules = (
			);
			dependencies = (
				520A4FEF2BC3F9D600D9C9C0 /* PBXTargetDependency */,
			);
			name = randomTests;
			productName = randomTests;
			productReference = 520A4FED2BC3F9D600D9C9C0 /* randomTests.xctest */;
			productType = "com.apple.product-type.bundle.unit-test";
		};
		520A4FF62BC3F9D600D9C9C0 /* randomUITests */ = {
			isa = PBXNativeTarget;
			buildConfigurationList = 520A50072BC3F9D600D9C9C0 /* Build configuration list for PBXNativeTarget "randomUITests" */;
			buildPhases = (
				520A4FF32BC3F9D600D9C9C0 /* Sources */,
				520A4FF42BC3F9D600D9C9C0 /* Frameworks */,
				520A4FF52BC3F9D600D9C9C0 /* Resources */,
			);
			buildRules = (
			);
			dependencies = (
				520A4FF92BC3F9D600D9C9C0 /* PBXTargetDependency */,
			);
			name = randomUITests;
			productName = randomUITests;
			productReference = 520A4FF72BC3F9D600D9C9C0 /* randomUITests.xctest */;
			productType = "com.apple.product-type.bundle.ui-testing";
		};
/* End PBXNativeTarget section */

/* Begin PBXProject section */
		520A4FCF2BC3F9D400D9C9C0 /* Project object */ = {
			isa = PBXProject;
			attributes = {
				BuildIndependentTargetsInParallel = 1;
				LastSwiftUpdateCheck = 1530;
				LastUpgradeCheck = 1530;
				TargetAttributes = {
					520A4FD62BC3F9D400D9C9C0 = {
						CreatedOnToolsVersion = 15.3;
					};
					520A4FEC2BC3F9D600D9C9C0 = {
						CreatedOnToolsVersion = 15.3;
						TestTargetID = 520A4FD62BC3F9D400D9C9C0;
					};
					520A4FF62BC3F9D600D9C9C0 = {
						CreatedOnToolsVersion = 15.3;
						TestTargetID = 520A4FD62BC3F9D400D9C9C0;
					};
				};
			};
			buildConfigurationList = 520A4FD22BC3F9D400D9C9C0 /* Build configuration list for PBXProject "random" */;
			compatibilityVersion = "Xcode 14.0";
			developmentRegion = en;
			hasScannedForEncodings = 0;
			knownRegions = (
				en,
				Base,
			);
			mainGroup = 520A4FCE2BC3F9D400D9C9C0;
			productRefGroup = 520A4FD82BC3F9D400D9C9C0 /* Products */;
			projectDirPath = "";
			projectRoot = "";
			targets = (
				520A4FD62BC3F9D400D9C9C0 /* random */,
				520A4FEC2BC3F9D600D9C9C0 /* randomTests */,
				520A4FF62BC3F9D600D9C9C0 /* randomUITests */,
			);
		};
/* End PBXProject section */

/* Begin PBXResourcesBuildPhase section */
		520A4FD52BC3F9D400D9C9C0 /* Resources */ = {
			isa = PBXResourcesBuildPhase;
			buildActionMask = 2147483647;
			files = (
				520A4FE42BC3F9D600D9C9C0 /* Assets.xcassets in Resources */,
				520A4FE72BC3F9D600D9C9C0 /* Base in Resources */,
				520A4FE22BC3F9D400D9C9C0 /* Base in Resources */,
			);
			runOnlyForDeploymentPostprocessing = 0;
		};
		520A4FEB2BC3F9D600D9C9C0 /* Resources */ = {
			isa = PBXResourcesBuildPhase;
			buildActionMask = 2147483647;
			files = (
			);
			runOnlyForDeploymentPostprocessing = 0;
		};
		520A4FF52BC3F9D600D9C9C0 /* Resources */ = {
			isa = PBXResourcesBuildPhase;
			buildActionMask = 2147483647;
			files = (
			);
			runOnlyForDeploymentPostprocessing = 0;
		};
/* End PBXResourcesBuildPhase section */

/* Begin PBXSourcesBuildPhase section */
		520A4FD32BC3F9D400D9C9C0 /* Sources */ = {
			isa = PBXSourcesBuildPhase;
			buildActionMask = 2147483647;
			files = (
				520A4FDF2BC3F9D400D9C9C0 /* ViewController.swift in Sources */,
				520A4FDB2BC3F9D400D9C9C0 /* AppDelegate.swift in Sources */,
				520A4FDD2BC3F9D400D9C9C0 /* SceneDelegate.swift in Sources */,
			);
			runOnlyForDeploymentPostprocessing = 0;
		};
		520A4FE92BC3F9D600D9C9C0 /* Sources */ = {
			isa = PBXSourcesBuildPhase;
			buildActionMask = 2147483647;
			files = (
				520A4FF22BC3F9D600D9C9C0 /* randomTests.swift in Sources */,
			);
			runOnlyForDeploymentPostprocessing = 0;
		};
		520A4FF32BC3F9D600D9C9C0 /* Sources */ = {
			isa = PBXSourcesBuildPhase;
			buildActionMask = 2147483647;
			files = (
				520A4FFC2BC3F9D600D9C9C0 /* randomUITests.swift in Sources */,
				520A4FFE2BC3F9D600D9C9C0 /* randomUITestsLaunchTests.swift in Sources */,
			);
			runOnlyForDeploymentPostprocessing = 0;
		};
/* End PBXSourcesBuildPhase section */

/* Begin PBXTargetDependency section */
		520A4FEF2BC3F9D600D9C9C0 /* PBXTargetDependency */ = {
			isa = PBXTargetDependency;
			target = 520A4FD62BC3F9D400D9C9C0 /* random */;
			targetProxy = 520A4FEE2BC3F9D600D9C9C0 /* PBXContainerItemProxy */;
		};
		520A4FF92BC3F9D600D9C9C0 /* PBXTargetDependency */ = {
			isa = PBXTargetDependency;
			target = 520A4FD62BC3F9D400D9C9C0 /* random */;
			targetProxy = 520A4FF82BC3F9D600D9C9C0 /* PBXContainerItemProxy */;
		};
/* End PBXTargetDependency section */

/* Begin PBXVariantGroup section */
		520A4FE02BC3F9D400D9C9C0 /* Main.storyboard */ = {
			isa = PBXVariantGroup;
			children = (
				520A4FE12BC3F9D400D9C9C0 /* Base */,
			);
			name = Main.storyboard;
			sourceTree = "<group>";
		};
		520A4FE52BC3F9D600D9C9C0 /* LaunchScreen.storyboard */ = {
			isa = PBXVariantGroup;
			children = (
				520A4FE62BC3F9D600D9C9C0 /* Base */,
			);
			name = LaunchScreen.storyboard;
			sourceTree = "<group>";
		};
/* End PBXVariantGroup section */

/* Begin XCBuildConfiguration section */
		520A4FFF2BC3F9D600D9C9C0 /* Debug */ = {
			isa = XCBuildConfiguration;
			buildSettings = {
				ALWAYS_SEARCH_USER_PATHS = NO;
				ASSETCATALOG_COMPILER_GENERATE_SWIFT_ASSET_SYMBOL_EXTENSIONS = YES;
				CLANG_ANALYZER_NONNULL = YES;
				CLANG_ANALYZER_NUMBER_OBJECT_CONVERSION = YES_AGGRESSIVE;
				CLANG_CXX_LANGUAGE_STANDARD = "gnu++20";
				CLANG_ENABLE_MODULES = YES;
				CLANG_ENABLE_OBJC_ARC = YES;
				CLANG_ENABLE_OBJC_WEAK = YES;
				CLANG_WARN_BLOCK_CAPTURE_AUTORELEASING = YES;
				CLANG_WARN_BOOL_CONVERSION = YES;
				CLANG_WARN_COMMA = YES;
				CLANG_WARN_CONSTANT_CONVERSION = YES;
				CLANG_WARN_DEPRECATED_OBJC_IMPLEMENTATIONS = YES;
				CLANG_WARN_DIRECT_OBJC_ISA_USAGE = YES_ERROR;
				CLANG_WARN_DOCUMENTATION_COMMENTS = YES;
				CLANG_WARN_EMPTY_BODY = YES;
				CLANG_WARN_ENUM_CONVERSION = YES;
				CLANG_WARN_INFINITE_RECURSION = YES;
				CLANG_WARN_INT_CONVERSION = YES;
				CLANG_WARN_NON_LITERAL_NULL_CONVERSION = YES;
				CLANG_WARN_OBJC_IMPLICIT_RETAIN_SELF = YES;
				CLANG_WARN_OBJC_LITERAL_CONVERSION = YES;
				CLANG_WARN_OBJC_ROOT_CLASS = YES_ERROR;
				CLANG_WARN_QUOTED_INCLUDE_IN_FRAMEWORK_HEADER = YES;
				CLANG_WARN_RANGE_LOOP_ANALYSIS = YES;
				CLANG_WARN_STRICT_PROTOTYPES = YES;
				CLANG_WARN_SUSPICIOUS_MOVE = YES;
				CLANG_WARN_UNGUARDED_AVAILABILITY = YES_AGGRESSIVE;
				CLANG_WARN_UNREACHABLE_CODE = YES;
				CLANG_WARN__DUPLICATE_METHOD_MATCH = YES;
				COPY_PHASE_STRIP = NO;
				DEBUG_INFORMATION_FORMAT = dwarf;
				ENABLE_STRICT_OBJC_MSGSEND = YES;
				ENABLE_TESTABILITY = YES;
				ENABLE_USER_SCRIPT_SANDBOXING = YES;
				GCC_C_LANGUAGE_STANDARD = gnu17;
				GCC_DYNAMIC_NO_PIC = NO;
				GCC_NO_COMMON_BLOCKS = YES;
				GCC_OPTIMIZATION_LEVEL = 0;
				GCC_PREPROCESSOR_DEFINITIONS = (
					"DEBUG=1",
					"$(inherited)",
				);
				GCC_WARN_64_TO_32_BIT_CONVERSION = YES;
				GCC_WARN_ABOUT_RETURN_TYPE = YES_ERROR;
				GCC_WARN_UNDECLARED_SELECTOR = YES;
				GCC_WARN_UNINITIALIZED_AUTOS = YES_AGGRESSIVE;
				GCC_WARN_UNUSED_FUNCTION = YES;
				GCC_WARN_UNUSED_VARIABLE = YES;
				IPHONEOS_DEPLOYMENT_TARGET = 17.4;
				LOCALIZATION_PREFERS_STRING_CATALOGS = YES;
				MTL_ENABLE_DEBUG_INFO = INCLUDE_SOURCE;
				MTL_FAST_MATH = YES;
				ONLY_ACTIVE_ARCH = YES;
				SDKROOT = iphoneos;
				SWIFT_ACTIVE_COMPILATION_CONDITIONS = "DEBUG $(inherited)";
				SWIFT_OPTIMIZATION_LEVEL = "-Onone";
			};
			name = Debug;
		};
		520A50002BC3F9D600D9C9C0 /* Release */ = {
			isa = XCBuildConfiguration;
			buildSettings = {
				ALWAYS_SEARCH_USER_PATHS = NO;
				ASSETCATALOG_COMPILER_GENERATE_SWIFT_ASSET_SYMBOL_EXTENSIONS = YES;
				CLANG_ANALYZER_NONNULL = YES;
				CLANG_ANALYZER_NUMBER_OBJECT_CONVERSION = YES_AGGRESSIVE;
				CLANG_CXX_LANGUAGE_STANDARD = "gnu++20";
				CLANG_ENABLE_MODULES = YES;
				CLANG_ENABLE_OBJC_ARC = YES;
				CLANG_ENABLE_OBJC_WEAK = YES;
				CLANG_WARN_BLOCK_CAPTURE_AUTORELEASING = YES;
				CLANG_WARN_BOOL_CONVERSION = YES;
				CLANG_WARN_COMMA = YES;
				CLANG_WARN_CONSTANT_CONVERSION = YES;
				CLANG_WARN_DEPRECATED_OBJC_IMPLEMENTATIONS = YES;
				CLANG_WARN_DIRECT_OBJC_ISA_USAGE = YES_ERROR;
				CLANG_WARN_DOCUMENTATION_COMMENTS = YES;
				CLANG_WARN_EMPTY_BODY = YES;
				CLANG_WARN_ENUM_CONVERSION = YES;
				CLANG_WARN_INFINITE_RECURSION = YES;
				CLANG_WARN_INT_CONVERSION = YES;
				CLANG_WARN_NON_LITERAL_NULL_CONVERSION = YES;
				CLANG_WARN_OBJC_IMPLICIT_RETAIN_SELF = YES;
				CLANG_WARN_OBJC_LITERAL_CONVERSION = YES;
				CLANG_WARN_OBJC_ROOT_CLASS = YES_ERROR;
				CLANG_WARN_QUOTED_INCLUDE_IN_FRAMEWORK_HEADER = YES;
				CLANG_WARN_RANGE_LOOP_ANALYSIS = YES;
				CLANG_WARN_STRICT_PROTOTYPES = YES;
				CLANG_WARN_SUSPICIOUS_MOVE = YES;
				CLANG_WARN_UNGUARDED_AVAILABILITY = YES_AGGRESSIVE;
				CLANG_WARN_UNREACHABLE_CODE = YES;
				CLANG_WARN__DUPLICATE_METHOD_MATCH = YES;
				COPY_PHASE_STRIP = NO;
				DEBUG_INFORMATION_FORMAT = "dwarf-with-dsym";
				ENABLE_NS_ASSERTIONS = NO;
				ENABLE_STRICT_OBJC_MSGSEND = YES;
				ENABLE_USER_SCRIPT_SANDBOXING = YES;
				GCC_C_LANGUAGE_STANDARD = gnu17;
				GCC_NO_COMMON_BLOCKS = YES;
				GCC_WARN_64_TO_32_BIT_CONVERSION = YES;
				GCC_WARN_ABOUT_RETURN_TYPE = YES_ERROR;
				GCC_WARN_UNDECLARED_SELECTOR = YES;
				GCC_WARN_UNINITIALIZED_AUTOS = YES_AGGRESSIVE;
				GCC_WARN_UNUSED_FUNCTION = YES;
				GCC_WARN_UNUSED_VARIABLE = YES;
				IPHONEOS_DEPLOYMENT_TARGET = 17.4;
				LOCALIZATION_PREFERS_STRING_CATALOGS = YES;
				MTL_ENABLE_DEBUG_INFO = NO;
				MTL_FAST_MATH = YES;
				SDKROOT = iphoneos;
				SWIFT_COMPILATION_MODE = wholemodule;
				VALIDATE_PRODUCT = YES;
			};
			name = Release;
		};
		520A50022BC3F9D600D9C9C0 /* Debug */ = {
			isa = XCBuildConfiguration;
			buildSettings = {
				ASSETCATALOG_COMPILER_APPICON_NAME = AppIcon;
				ASSETCATALOG_COMPILER_GLOBAL_ACCENT_COLOR_NAME = AccentColor;
				CODE_SIGN_STYLE = Automatic;
				CURRENT_PROJECT_VERSION = 1;
				GENERATE_INFOPLIST_FILE = YES;
				INFOPLIST_FILE = random/Info.plist;
				INFOPLIST_KEY_UIApplicationSupportsIndirectInputEvents = YES;
				INFOPLIST_KEY_UILaunchStoryboardName = LaunchScreen;
				INFOPLIST_KEY_UIMainStoryboardFile = Main;
				INFOPLIST_KEY_UISupportedInterfaceOrientations_iPad = "UIInterfaceOrientationPortrait UIInterfaceOrientationPortraitUpsideDown UIInterfaceOrientationLandscapeLeft UIInterfaceOrientationLandscapeRight";
				INFOPLIST_KEY_UISupportedInterfaceOrientations_iPhone = "UIInterfaceOrientationPortrait UIInterfaceOrientationLandscapeLeft UIInterfaceOrientationLandscapeRight";
				LD_RUNPATH_SEARCH_PATHS = (
					"$(inherited)",
					"@executable_path/Frameworks",
				);
				MARKETING_VERSION = 1.0;
				PRODUCT_BUNDLE_IDENTIFIER = study.random;
				PRODUCT_NAME = "$(TARGET_NAME)";
				SWIFT_EMIT_LOC_STRINGS = YES;
				SWIFT_VERSION = 5.0;
				TARGETED_DEVICE_FAMILY = "1,2";
			};
			name = Debug;
		};
		520A50032BC3F9D600D9C9C0 /* Release */ = {
			isa = XCBuildConfiguration;
			buildSettings = {
				ASSETCATALOG_COMPILER_APPICON_NAME = AppIcon;
				ASSETCATALOG_COMPILER_GLOBAL_ACCENT_COLOR_NAME = AccentColor;
				CODE_SIGN_STYLE = Automatic;
				CURRENT_PROJECT_VERSION = 1;
				GENERATE_INFOPLIST_FILE = YES;
				INFOPLIST_FILE = random/Info.plist;
				INFOPLIST_KEY_UIApplicationSupportsIndirectInputEvents = YES;
				INFOPLIST_KEY_UILaunchStoryboardName = LaunchScreen;
				INFOPLIST_KEY_UIMainStoryboardFile = Main;
				INFOPLIST_KEY_UISupportedInterfaceOrientations_iPad = "UIInterfaceOrientationPortrait UIInterfaceOrientationPortraitUpsideDown UIInterfaceOrientationLandscapeLeft UIInterfaceOrientationLandscapeRight";
				INFOPLIST_KEY_UISupportedInterfaceOrientations_iPhone = "UIInterfaceOrientationPortrait UIInterfaceOrientationLandscapeLeft UIInterfaceOrientationLandscapeRight";
				LD_RUNPATH_SEARCH_PATHS = (
					"$(inherited)",
					"@executable_path/Frameworks",
				);
				MARKETING_VERSION = 1.0;
				PRODUCT_BUNDLE_IDENTIFIER = study.random;
				PRODUCT_NAME = "$(TARGET_NAME)";
				SWIFT_EMIT_LOC_STRINGS = YES;
				SWIFT_VERSION = 5.0;
				TARGETED_DEVICE_FAMILY = "1,2";
			};
			name = Release;
		};
		520A50052BC3F9D600D9C9C0 /* Debug */ = {
			isa = XCBuildConfiguration;
			buildSettings = {
				ALWAYS_EMBED_SWIFT_STANDARD_LIBRARIES = YES;
				BUNDLE_LOADER = "$(TEST_HOST)";
				CODE_SIGN_STYLE = Automatic;
				CURRENT_PROJECT_VERSION = 1;
				GENERATE_INFOPLIST_FILE = YES;
				IPHONEOS_DEPLOYMENT_TARGET = 17.4;
				MARKETING_VERSION = 1.0;
				PRODUCT_BUNDLE_IDENTIFIER = study.randomTests;
				PRODUCT_NAME = "$(TARGET_NAME)";
				SWIFT_EMIT_LOC_STRINGS = NO;
				SWIFT_VERSION = 5.0;
				TARGETED_DEVICE_FAMILY = "1,2";
				TEST_HOST = "$(BUILT_PRODUCTS_DIR)/random.app/$(BUNDLE_EXECUTABLE_FOLDER_PATH)/random";
			};
			name = Debug;
		};
		520A50062BC3F9D600D9C9C0 /* Release */ = {
			isa = XCBuildConfiguration;
			buildSettings = {
				ALWAYS_EMBED_SWIFT_STANDARD_LIBRARIES = YES;
				BUNDLE_LOADER = "$(TEST_HOST)";
				CODE_SIGN_STYLE = Automatic;
				CURRENT_PROJECT_VERSION = 1;
				GENERATE_INFOPLIST_FILE = YES;
				IPHONEOS_DEPLOYMENT_TARGET = 17.4;
				MARKETING_VERSION = 1.0;
				PRODUCT_BUNDLE_IDENTIFIER = study.randomTests;
				PRODUCT_NAME = "$(TARGET_NAME)";
				SWIFT_EMIT_LOC_STRINGS = NO;
				SWIFT_VERSION = 5.0;
				TARGETED_DEVICE_FAMILY = "1,2";
				TEST_HOST = "$(BUILT_PRODUCTS_DIR)/random.app/$(BUNDLE_EXECUTABLE_FOLDER_PATH)/random";
			};
			name = Release;
		};
		520A50082BC3F9D600D9C9C0 /* Debug */ = {
			isa = XCBuildConfiguration;
			buildSettings = {
				ALWAYS_EMBED_SWIFT_STANDARD_LIBRARIES = YES;
				CODE_SIGN_STYLE = Automatic;
				CURRENT_PROJECT_VERSION = 1;
				GENERATE_INFOPLIST_FILE = YES;
				MARKETING_VERSION = 1.0;
				PRODUCT_BUNDLE_IDENTIFIER = study.randomUITests;
				PRODUCT_NAME = "$(TARGET_NAME)";
				SWIFT_EMIT_LOC_STRINGS = NO;
				SWIFT_VERSION = 5.0;
				TARGETED_DEVICE_FAMILY = "1,2";
				TEST_TARGET_NAME = random;
			};
			name = Debug;
		};
		520A50092BC3F9D600D9C9C0 /* Release */ = {
			isa = XCBuildConfiguration;
			buildSettings = {
				ALWAYS_EMBED_SWIFT_STANDARD_LIBRARIES = YES;
				CODE_SIGN_STYLE = Automatic;
				CURRENT_PROJECT_VERSION = 1;
				GENERATE_INFOPLIST_FILE = YES;
				MARKETING_VERSION = 1.0;
				PRODUCT_BUNDLE_IDENTIFIER = study.randomUITests;
				PRODUCT_NAME = "$(TARGET_NAME)";
				SWIFT_EMIT_LOC_STRINGS = NO;
				SWIFT_VERSION = 5.0;
				TARGETED_DEVICE_FAMILY = "1,2";
				TEST_TARGET_NAME = random;
			};
			name = Release;
		};
/* End XCBuildConfiguration section */

/* Begin XCConfigurationList section */
		520A4FD22BC3F9D400D9C9C0 /* Build configuration list for PBXProject "random" */ = {
			isa = XCConfigurationList;
			buildConfigurations = (
				520A4FFF2BC3F9D600D9C9C0 /* Debug */,
				520A50002BC3F9D600D9C9C0 /* Release */,
			);
			defaultConfigurationIsVisible = 0;
			defaultConfigurationName = Release;
		};
		520A50012BC3F9D600D9C9C0 /* Build configuration list for PBXNativeTarget "random" */ = {
			isa = XCConfigurationList;
			buildConfigurations = (
				520A50022BC3F9D600D9C9C0 /* Debug */,
				520A50032BC3F9D600D9C9C0 /* Release */,
			);
			defaultConfigurationIsVisible = 0;
			defaultConfigurationName = Release;
		};
		520A50042BC3F9D600D9C9C0 /* Build configuration list for PBXNativeTarget "randomTests" */ = {
			isa = XCConfigurationList;
			buildConfigurations = (
				520A50052BC3F9D600D9C9C0 /* Debug */,
				520A50062BC3F9D600D9C9C0 /* Release */,
			);
			defaultConfigurationIsVisible = 0;
			defaultConfigurationName = Release;
		};
		520A50072BC3F9D600D9C9C0 /* Build configuration list for PBXNativeTarget "randomUITests" */ = {
			isa = XCConfigurationList;
			buildConfigurations = (
				520A50082BC3F9D600D9C9C0 /* Debug */,
				520A50092BC3F9D600D9C9C0 /* Release */,
			);
			defaultConfigurationIsVisible = 0;
			defaultConfigurationName = Release;
		};
/* End XCConfigurationList section */
	};
	rootObject = 520A4FCF2BC3F9D400D9C9C0 /* Project object */;
}
