// !$*UTF8*$!
{
	archiveVersion = 1;
	classes = {
	};
	objectVersion = 56;
	objects = {

/* Begin PBXBuildFile section */
		5289609B2BF23AEF00F629EB /* CheckViewController.swift in Sources */ = {isa = PBXBuildFile; fileRef = 5289609A2BF23AEF00F629EB /* CheckViewController.swift */; };
		52F27FDD2BEE8900008BB09F /* AppDelegate.swift in Sources */ = {isa = PBXBuildFile; fileRef = 52F27FDC2BEE8900008BB09F /* AppDelegate.swift */; };
		52F27FDF2BEE8900008BB09F /* SceneDelegate.swift in Sources */ = {isa = PBXBuildFile; fileRef = 52F27FDE2BEE8900008BB09F /* SceneDelegate.swift */; };
		52F27FE12BEE8900008BB09F /* ViewController.swift in Sources */ = {isa = PBXBuildFile; fileRef = 52F27FE02BEE8900008BB09F /* ViewController.swift */; };
		52F27FE42BEE8900008BB09F /* Base in Resources */ = {isa = PBXBuildFile; fileRef = 52F27FE32BEE8900008BB09F /* Base */; };
		52F27FE62BEE8902008BB09F /* Assets.xcassets in Resources */ = {isa = PBXBuildFile; fileRef = 52F27FE52BEE8902008BB09F /* Assets.xcassets */; };
		52F27FE92BEE8902008BB09F /* Base in Resources */ = {isa = PBXBuildFile; fileRef = 52F27FE82BEE8902008BB09F /* Base */; };
		52F27FF42BEE8903008BB09F /* carteventTests.swift in Sources */ = {isa = PBXBuildFile; fileRef = 52F27FF32BEE8903008BB09F /* carteventTests.swift */; };
		52F27FFE2BEE8903008BB09F /* carteventUITests.swift in Sources */ = {isa = PBXBuildFile; fileRef = 52F27FFD2BEE8903008BB09F /* carteventUITests.swift */; };
		52F280002BEE8903008BB09F /* carteventUITestsLaunchTests.swift in Sources */ = {isa = PBXBuildFile; fileRef = 52F27FFF2BEE8903008BB09F /* carteventUITestsLaunchTests.swift */; };
/* End PBXBuildFile section */

/* Begin PBXContainerItemProxy section */
		52F27FF02BEE8903008BB09F /* PBXContainerItemProxy */ = {
			isa = PBXContainerItemProxy;
			containerPortal = 52F27FD12BEE8900008BB09F /* Project object */;
			proxyType = 1;
			remoteGlobalIDString = 52F27FD82BEE8900008BB09F;
			remoteInfo = cartevent;
		};
		52F27FFA2BEE8903008BB09F /* PBXContainerItemProxy */ = {
			isa = PBXContainerItemProxy;
			containerPortal = 52F27FD12BEE8900008BB09F /* Project object */;
			proxyType = 1;
			remoteGlobalIDString = 52F27FD82BEE8900008BB09F;
			remoteInfo = cartevent;
		};
/* End PBXContainerItemProxy section */

/* Begin PBXFileReference section */
		5289609A2BF23AEF00F629EB /* CheckViewController.swift */ = {isa = PBXFileReference; lastKnownFileType = sourcecode.swift; path = CheckViewController.swift; sourceTree = "<group>"; };
		52F27FD92BEE8900008BB09F /* cartevent.app */ = {isa = PBXFileReference; explicitFileType = wrapper.application; includeInIndex = 0; path = cartevent.app; sourceTree = BUILT_PRODUCTS_DIR; };
		52F27FDC2BEE8900008BB09F /* AppDelegate.swift */ = {isa = PBXFileReference; lastKnownFileType = sourcecode.swift; path = AppDelegate.swift; sourceTree = "<group>"; };
		52F27FDE2BEE8900008BB09F /* SceneDelegate.swift */ = {isa = PBXFileReference; lastKnownFileType = sourcecode.swift; path = SceneDelegate.swift; sourceTree = "<group>"; };
		52F27FE02BEE8900008BB09F /* ViewController.swift */ = {isa = PBXFileReference; lastKnownFileType = sourcecode.swift; path = ViewController.swift; sourceTree = "<group>"; };
		52F27FE32BEE8900008BB09F /* Base */ = {isa = PBXFileReference; lastKnownFileType = file.storyboard; name = Base; path = Base.lproj/Main.storyboard; sourceTree = "<group>"; };
		52F27FE52BEE8902008BB09F /* Assets.xcassets */ = {isa = PBXFileReference; lastKnownFileType = folder.assetcatalog; path = Assets.xcassets; sourceTree = "<group>"; };
		52F27FE82BEE8902008BB09F /* Base */ = {isa = PBXFileReference; lastKnownFileType = file.storyboard; name = Base; path = Base.lproj/LaunchScreen.storyboard; sourceTree = "<group>"; };
		52F27FEA2BEE8902008BB09F /* Info.plist */ = {isa = PBXFileReference; lastKnownFileType = text.plist.xml; path = Info.plist; sourceTree = "<group>"; };
		52F27FEF2BEE8903008BB09F /* carteventTests.xctest */ = {isa = PBXFileReference; explicitFileType = wrapper.cfbundle; includeInIndex = 0; path = carteventTests.xctest; sourceTree = BUILT_PRODUCTS_DIR; };
		52F27FF32BEE8903008BB09F /* carteventTests.swift */ = {isa = PBXFileReference; lastKnownFileType = sourcecode.swift; path = carteventTests.swift; sourceTree = "<group>"; };
		52F27FF92BEE8903008BB09F /* carteventUITests.xctest */ = {isa = PBXFileReference; explicitFileType = wrapper.cfbundle; includeInIndex = 0; path = carteventUITests.xctest; sourceTree = BUILT_PRODUCTS_DIR; };
		52F27FFD2BEE8903008BB09F /* carteventUITests.swift */ = {isa = PBXFileReference; lastKnownFileType = sourcecode.swift; path = carteventUITests.swift; sourceTree = "<group>"; };
		52F27FFF2BEE8903008BB09F /* carteventUITestsLaunchTests.swift */ = {isa = PBXFileReference; lastKnownFileType = sourcecode.swift; path = carteventUITestsLaunchTests.swift; sourceTree = "<group>"; };
/* End PBXFileReference section */

/* Begin PBXFrameworksBuildPhase section */
		52F27FD62BEE8900008BB09F /* Frameworks */ = {
			isa = PBXFrameworksBuildPhase;
			buildActionMask = 2147483647;
			files = (
			);
			runOnlyForDeploymentPostprocessing = 0;
		};
		52F27FEC2BEE8903008BB09F /* Frameworks */ = {
			isa = PBXFrameworksBuildPhase;
			buildActionMask = 2147483647;
			files = (
			);
			runOnlyForDeploymentPostprocessing = 0;
		};
		52F27FF62BEE8903008BB09F /* Frameworks */ = {
			isa = PBXFrameworksBuildPhase;
			buildActionMask = 2147483647;
			files = (
			);
			runOnlyForDeploymentPostprocessing = 0;
		};
/* End PBXFrameworksBuildPhase section */

/* Begin PBXGroup section */
		52F27FD02BEE8900008BB09F = {
			isa = PBXGroup;
			children = (
				52F27FDB2BEE8900008BB09F /* cartevent */,
				52F27FF22BEE8903008BB09F /* carteventTests */,
				52F27FFC2BEE8903008BB09F /* carteventUITests */,
				52F27FDA2BEE8900008BB09F /* Products */,
			);
			sourceTree = "<group>";
		};
		52F27FDA2BEE8900008BB09F /* Products */ = {
			isa = PBXGroup;
			children = (
				52F27FD92BEE8900008BB09F /* cartevent.app */,
				52F27FEF2BEE8903008BB09F /* carteventTests.xctest */,
				52F27FF92BEE8903008BB09F /* carteventUITests.xctest */,
			);
			name = Products;
			sourceTree = "<group>";
		};
		52F27FDB2BEE8900008BB09F /* cartevent */ = {
			isa = PBXGroup;
			children = (
				52F27FDC2BEE8900008BB09F /* AppDelegate.swift */,
				52F27FDE2BEE8900008BB09F /* SceneDelegate.swift */,
				5289609A2BF23AEF00F629EB /* CheckViewController.swift */,
				52F27FE02BEE8900008BB09F /* ViewController.swift */,
				52F27FE22BEE8900008BB09F /* Main.storyboard */,
				52F27FE52BEE8902008BB09F /* Assets.xcassets */,
				52F27FE72BEE8902008BB09F /* LaunchScreen.storyboard */,
				52F27FEA2BEE8902008BB09F /* Info.plist */,
			);
			path = cartevent;
			sourceTree = "<group>";
		};
		52F27FF22BEE8903008BB09F /* carteventTests */ = {
			isa = PBXGroup;
			children = (
				52F27FF32BEE8903008BB09F /* carteventTests.swift */,
			);
			path = carteventTests;
			sourceTree = "<group>";
		};
		52F27FFC2BEE8903008BB09F /* carteventUITests */ = {
			isa = PBXGroup;
			children = (
				52F27FFD2BEE8903008BB09F /* carteventUITests.swift */,
				52F27FFF2BEE8903008BB09F /* carteventUITestsLaunchTests.swift */,
			);
			path = carteventUITests;
			sourceTree = "<group>";
		};
/* End PBXGroup section */

/* Begin PBXNativeTarget section */
		52F27FD82BEE8900008BB09F /* cartevent */ = {
			isa = PBXNativeTarget;
			buildConfigurationList = 52F280032BEE8903008BB09F /* Build configuration list for PBXNativeTarget "cartevent" */;
			buildPhases = (
				52F27FD52BEE8900008BB09F /* Sources */,
				52F27FD62BEE8900008BB09F /* Frameworks */,
				52F27FD72BEE8900008BB09F /* Resources */,
			);
			buildRules = (
			);
			dependencies = (
			);
			name = cartevent;
			productName = cartevent;
			productReference = 52F27FD92BEE8900008BB09F /* cartevent.app */;
			productType = "com.apple.product-type.application";
		};
		52F27FEE2BEE8903008BB09F /* carteventTests */ = {
			isa = PBXNativeTarget;
			buildConfigurationList = 52F280062BEE8903008BB09F /* Build configuration list for PBXNativeTarget "carteventTests" */;
			buildPhases = (
				52F27FEB2BEE8903008BB09F /* Sources */,
				52F27FEC2BEE8903008BB09F /* Frameworks */,
				52F27FED2BEE8903008BB09F /* Resources */,
			);
			buildRules = (
			);
			dependencies = (
				52F27FF12BEE8903008BB09F /* PBXTargetDependency */,
			);
			name = carteventTests;
			productName = carteventTests;
			productReference = 52F27FEF2BEE8903008BB09F /* carteventTests.xctest */;
			productType = "com.apple.product-type.bundle.unit-test";
		};
		52F27FF82BEE8903008BB09F /* carteventUITests */ = {
			isa = PBXNativeTarget;
			buildConfigurationList = 52F280092BEE8903008BB09F /* Build configuration list for PBXNativeTarget "carteventUITests" */;
			buildPhases = (
				52F27FF52BEE8903008BB09F /* Sources */,
				52F27FF62BEE8903008BB09F /* Frameworks */,
				52F27FF72BEE8903008BB09F /* Resources */,
			);
			buildRules = (
			);
			dependencies = (
				52F27FFB2BEE8903008BB09F /* PBXTargetDependency */,
			);
			name = carteventUITests;
			productName = carteventUITests;
			productReference = 52F27FF92BEE8903008BB09F /* carteventUITests.xctest */;
			productType = "com.apple.product-type.bundle.ui-testing";
		};
/* End PBXNativeTarget section */

/* Begin PBXProject section */
		52F27FD12BEE8900008BB09F /* Project object */ = {
			isa = PBXProject;
			attributes = {
				BuildIndependentTargetsInParallel = 1;
				LastSwiftUpdateCheck = 1530;
				LastUpgradeCheck = 1530;
				TargetAttributes = {
					52F27FD82BEE8900008BB09F = {
						CreatedOnToolsVersion = 15.3;
					};
					52F27FEE2BEE8903008BB09F = {
						CreatedOnToolsVersion = 15.3;
						TestTargetID = 52F27FD82BEE8900008BB09F;
					};
					52F27FF82BEE8903008BB09F = {
						CreatedOnToolsVersion = 15.3;
						TestTargetID = 52F27FD82BEE8900008BB09F;
					};
				};
			};
			buildConfigurationList = 52F27FD42BEE8900008BB09F /* Build configuration list for PBXProject "cartevent" */;
			compatibilityVersion = "Xcode 14.0";
			developmentRegion = en;
			hasScannedForEncodings = 0;
			knownRegions = (
				en,
				Base,
			);
			mainGroup = 52F27FD02BEE8900008BB09F;
			productRefGroup = 52F27FDA2BEE8900008BB09F /* Products */;
			projectDirPath = "";
			projectRoot = "";
			targets = (
				52F27FD82BEE8900008BB09F /* cartevent */,
				52F27FEE2BEE8903008BB09F /* carteventTests */,
				52F27FF82BEE8903008BB09F /* carteventUITests */,
			);
		};
/* End PBXProject section */

/* Begin PBXResourcesBuildPhase section */
		52F27FD72BEE8900008BB09F /* Resources */ = {
			isa = PBXResourcesBuildPhase;
			buildActionMask = 2147483647;
			files = (
				52F27FE62BEE8902008BB09F /* Assets.xcassets in Resources */,
				52F27FE92BEE8902008BB09F /* Base in Resources */,
				52F27FE42BEE8900008BB09F /* Base in Resources */,
			);
			runOnlyForDeploymentPostprocessing = 0;
		};
		52F27FED2BEE8903008BB09F /* Resources */ = {
			isa = PBXResourcesBuildPhase;
			buildActionMask = 2147483647;
			files = (
			);
			runOnlyForDeploymentPostprocessing = 0;
		};
		52F27FF72BEE8903008BB09F /* Resources */ = {
			isa = PBXResourcesBuildPhase;
			buildActionMask = 2147483647;
			files = (
			);
			runOnlyForDeploymentPostprocessing = 0;
		};
/* End PBXResourcesBuildPhase section */

/* Begin PBXSourcesBuildPhase section */
		52F27FD52BEE8900008BB09F /* Sources */ = {
			isa = PBXSourcesBuildPhase;
			buildActionMask = 2147483647;
			files = (
				5289609B2BF23AEF00F629EB /* CheckViewController.swift in Sources */,
				52F27FE12BEE8900008BB09F /* ViewController.swift in Sources */,
				52F27FDD2BEE8900008BB09F /* AppDelegate.swift in Sources */,
				52F27FDF2BEE8900008BB09F /* SceneDelegate.swift in Sources */,
			);
			runOnlyForDeploymentPostprocessing = 0;
		};
		52F27FEB2BEE8903008BB09F /* Sources */ = {
			isa = PBXSourcesBuildPhase;
			buildActionMask = 2147483647;
			files = (
				52F27FF42BEE8903008BB09F /* carteventTests.swift in Sources */,
			);
			runOnlyForDeploymentPostprocessing = 0;
		};
		52F27FF52BEE8903008BB09F /* Sources */ = {
			isa = PBXSourcesBuildPhase;
			buildActionMask = 2147483647;
			files = (
				52F27FFE2BEE8903008BB09F /* carteventUITests.swift in Sources */,
				52F280002BEE8903008BB09F /* carteventUITestsLaunchTests.swift in Sources */,
			);
			runOnlyForDeploymentPostprocessing = 0;
		};
/* End PBXSourcesBuildPhase section */

/* Begin PBXTargetDependency section */
		52F27FF12BEE8903008BB09F /* PBXTargetDependency */ = {
			isa = PBXTargetDependency;
			target = 52F27FD82BEE8900008BB09F /* cartevent */;
			targetProxy = 52F27FF02BEE8903008BB09F /* PBXContainerItemProxy */;
		};
		52F27FFB2BEE8903008BB09F /* PBXTargetDependency */ = {
			isa = PBXTargetDependency;
			target = 52F27FD82BEE8900008BB09F /* cartevent */;
			targetProxy = 52F27FFA2BEE8903008BB09F /* PBXContainerItemProxy */;
		};
/* End PBXTargetDependency section */

/* Begin PBXVariantGroup section */
		52F27FE22BEE8900008BB09F /* Main.storyboard */ = {
			isa = PBXVariantGroup;
			children = (
				52F27FE32BEE8900008BB09F /* Base */,
			);
			name = Main.storyboard;
			sourceTree = "<group>";
		};
		52F27FE72BEE8902008BB09F /* LaunchScreen.storyboard */ = {
			isa = PBXVariantGroup;
			children = (
				52F27FE82BEE8902008BB09F /* Base */,
			);
			name = LaunchScreen.storyboard;
			sourceTree = "<group>";
		};
/* End PBXVariantGroup section */

/* Begin XCBuildConfiguration section */
		52F280012BEE8903008BB09F /* Debug */ = {
			isa = XCBuildConfiguration;
			buildSettings = {
				ALWAYS_SEARCH_USER_PATHS = NO;
				ASSETCATALOG_COMPILER_GENERATE_SWIFT_ASSET_SYMBOL_EXTENSIONS = YES;
				CLANG_ANALYZER_NONNULL = YES;
				CLANG_ANALYZER_NUMBER_OBJECT_CONVERSION = YES_AGGRESSIVE;
				CLANG_CXX_LANGUAGE_STANDARD = "gnu++20";
				CLANG_ENABLE_MODULES = YES;
				CLANG_ENABLE_OBJC_ARC = YES;
				CLANG_ENABLE_OBJC_WEAK = YES;
				CLANG_WARN_BLOCK_CAPTURE_AUTORELEASING = YES;
				CLANG_WARN_BOOL_CONVERSION = YES;
				CLANG_WARN_COMMA = YES;
				CLANG_WARN_CONSTANT_CONVERSION = YES;
				CLANG_WARN_DEPRECATED_OBJC_IMPLEMENTATIONS = YES;
				CLANG_WARN_DIRECT_OBJC_ISA_USAGE = YES_ERROR;
				CLANG_WARN_DOCUMENTATION_COMMENTS = YES;
				CLANG_WARN_EMPTY_BODY = YES;
				CLANG_WARN_ENUM_CONVERSION = YES;
				CLANG_WARN_INFINITE_RECURSION = YES;
				CLANG_WARN_INT_CONVERSION = YES;
				CLANG_WARN_NON_LITERAL_NULL_CONVERSION = YES;
				CLANG_WARN_OBJC_IMPLICIT_RETAIN_SELF = YES;
				CLANG_WARN_OBJC_LITERAL_CONVERSION = YES;
				CLANG_WARN_OBJC_ROOT_CLASS = YES_ERROR;
				CLANG_WARN_QUOTED_INCLUDE_IN_FRAMEWORK_HEADER = YES;
				CLANG_WARN_RANGE_LOOP_ANALYSIS = YES;
				CLANG_WARN_STRICT_PROTOTYPES = YES;
				CLANG_WARN_SUSPICIOUS_MOVE = YES;
				CLANG_WARN_UNGUARDED_AVAILABILITY = YES_AGGRESSIVE;
				CLANG_WARN_UNREACHABLE_CODE = YES;
				CLANG_WARN__DUPLICATE_METHOD_MATCH = YES;
				COPY_PHASE_STRIP = NO;
				DEBUG_INFORMATION_FORMAT = dwarf;
				ENABLE_STRICT_OBJC_MSGSEND = YES;
				ENABLE_TESTABILITY = YES;
				ENABLE_USER_SCRIPT_SANDBOXING = YES;
				GCC_C_LANGUAGE_STANDARD = gnu17;
				GCC_DYNAMIC_NO_PIC = NO;
				GCC_NO_COMMON_BLOCKS = YES;
				GCC_OPTIMIZATION_LEVEL = 0;
				GCC_PREPROCESSOR_DEFINITIONS = (
					"DEBUG=1",
					"$(inherited)",
				);
				GCC_WARN_64_TO_32_BIT_CONVERSION = YES;
				GCC_WARN_ABOUT_RETURN_TYPE = YES_ERROR;
				GCC_WARN_UNDECLARED_SELECTOR = YES;
				GCC_WARN_UNINITIALIZED_AUTOS = YES_AGGRESSIVE;
				GCC_WARN_UNUSED_FUNCTION = YES;
				GCC_WARN_UNUSED_VARIABLE = YES;
				IPHONEOS_DEPLOYMENT_TARGET = 17.4;
				LOCALIZATION_PREFERS_STRING_CATALOGS = YES;
				MTL_ENABLE_DEBUG_INFO = INCLUDE_SOURCE;
				MTL_FAST_MATH = YES;
				ONLY_ACTIVE_ARCH = YES;
				SDKROOT = iphoneos;
				SWIFT_ACTIVE_COMPILATION_CONDITIONS = "DEBUG $(inherited)";
				SWIFT_OPTIMIZATION_LEVEL = "-Onone";
			};
			name = Debug;
		};
		52F280022BEE8903008BB09F /* Release */ = {
			isa = XCBuildConfiguration;
			buildSettings = {
				ALWAYS_SEARCH_USER_PATHS = NO;
				ASSETCATALOG_COMPILER_GENERATE_SWIFT_ASSET_SYMBOL_EXTENSIONS = YES;
				CLANG_ANALYZER_NONNULL = YES;
				CLANG_ANALYZER_NUMBER_OBJECT_CONVERSION = YES_AGGRESSIVE;
				CLANG_CXX_LANGUAGE_STANDARD = "gnu++20";
				CLANG_ENABLE_MODULES = YES;
				CLANG_ENABLE_OBJC_ARC = YES;
				CLANG_ENABLE_OBJC_WEAK = YES;
				CLANG_WARN_BLOCK_CAPTURE_AUTORELEASING = YES;
				CLANG_WARN_BOOL_CONVERSION = YES;
				CLANG_WARN_COMMA = YES;
				CLANG_WARN_CONSTANT_CONVERSION = YES;
				CLANG_WARN_DEPRECATED_OBJC_IMPLEMENTATIONS = YES;
				CLANG_WARN_DIRECT_OBJC_ISA_USAGE = YES_ERROR;
				CLANG_WARN_DOCUMENTATION_COMMENTS = YES;
				CLANG_WARN_EMPTY_BODY = YES;
				CLANG_WARN_ENUM_CONVERSION = YES;
				CLANG_WARN_INFINITE_RECURSION = YES;
				CLANG_WARN_INT_CONVERSION = YES;
				CLANG_WARN_NON_LITERAL_NULL_CONVERSION = YES;
				CLANG_WARN_OBJC_IMPLICIT_RETAIN_SELF = YES;
				CLANG_WARN_OBJC_LITERAL_CONVERSION = YES;
				CLANG_WARN_OBJC_ROOT_CLASS = YES_ERROR;
				CLANG_WARN_QUOTED_INCLUDE_IN_FRAMEWORK_HEADER = YES;
				CLANG_WARN_RANGE_LOOP_ANALYSIS = YES;
				CLANG_WARN_STRICT_PROTOTYPES = YES;
				CLANG_WARN_SUSPICIOUS_MOVE = YES;
				CLANG_WARN_UNGUARDED_AVAILABILITY = YES_AGGRESSIVE;
				CLANG_WARN_UNREACHABLE_CODE = YES;
				CLANG_WARN__DUPLICATE_METHOD_MATCH = YES;
				COPY_PHASE_STRIP = NO;
				DEBUG_INFORMATION_FORMAT = "dwarf-with-dsym";
				ENABLE_NS_ASSERTIONS = NO;
				ENABLE_STRICT_OBJC_MSGSEND = YES;
				ENABLE_USER_SCRIPT_SANDBOXING = YES;
				GCC_C_LANGUAGE_STANDARD = gnu17;
				GCC_NO_COMMON_BLOCKS = YES;
				GCC_WARN_64_TO_32_BIT_CONVERSION = YES;
				GCC_WARN_ABOUT_RETURN_TYPE = YES_ERROR;
				GCC_WARN_UNDECLARED_SELECTOR = YES;
				GCC_WARN_UNINITIALIZED_AUTOS = YES_AGGRESSIVE;
				GCC_WARN_UNUSED_FUNCTION = YES;
				GCC_WARN_UNUSED_VARIABLE = YES;
				IPHONEOS_DEPLOYMENT_TARGET = 17.4;
				LOCALIZATION_PREFERS_STRING_CATALOGS = YES;
				MTL_ENABLE_DEBUG_INFO = NO;
				MTL_FAST_MATH = YES;
				SDKROOT = iphoneos;
				SWIFT_COMPILATION_MODE = wholemodule;
				VALIDATE_PRODUCT = YES;
			};
			name = Release;
		};
		52F280042BEE8903008BB09F /* Debug */ = {
			isa = XCBuildConfiguration;
			buildSettings = {
				ASSETCATALOG_COMPILER_APPICON_NAME = AppIcon;
				ASSETCATALOG_COMPILER_GLOBAL_ACCENT_COLOR_NAME = AccentColor;
				CODE_SIGN_STYLE = Automatic;
				CURRENT_PROJECT_VERSION = 1;
				GENERATE_INFOPLIST_FILE = YES;
				INFOPLIST_FILE = cartevent/Info.plist;
				INFOPLIST_KEY_UIApplicationSupportsIndirectInputEvents = YES;
				INFOPLIST_KEY_UILaunchStoryboardName = LaunchScreen;
				INFOPLIST_KEY_UIMainStoryboardFile = Main;
				INFOPLIST_KEY_UISupportedInterfaceOrientations_iPad = "UIInterfaceOrientationPortrait UIInterfaceOrientationPortraitUpsideDown UIInterfaceOrientationLandscapeLeft UIInterfaceOrientationLandscapeRight";
				INFOPLIST_KEY_UISupportedInterfaceOrientations_iPhone = "UIInterfaceOrientationPortrait UIInterfaceOrientationLandscapeLeft UIInterfaceOrientationLandscapeRight";
				LD_RUNPATH_SEARCH_PATHS = (
					"$(inherited)",
					"@executable_path/Frameworks",
				);
				MARKETING_VERSION = 1.0;
				PRODUCT_BUNDLE_IDENTIFIER = study.cartevent;
				PRODUCT_NAME = "$(TARGET_NAME)";
				SWIFT_EMIT_LOC_STRINGS = YES;
				SWIFT_VERSION = 5.0;
				TARGETED_DEVICE_FAMILY = "1,2";
			};
			name = Debug;
		};
		52F280052BEE8903008BB09F /* Release */ = {
			isa = XCBuildConfiguration;
			buildSettings = {
				ASSETCATALOG_COMPILER_APPICON_NAME = AppIcon;
				ASSETCATALOG_COMPILER_GLOBAL_ACCENT_COLOR_NAME = AccentColor;
				CODE_SIGN_STYLE = Automatic;
				CURRENT_PROJECT_VERSION = 1;
				GENERATE_INFOPLIST_FILE = YES;
				INFOPLIST_FILE = cartevent/Info.plist;
				INFOPLIST_KEY_UIApplicationSupportsIndirectInputEvents = YES;
				INFOPLIST_KEY_UILaunchStoryboardName = LaunchScreen;
				INFOPLIST_KEY_UIMainStoryboardFile = Main;
				INFOPLIST_KEY_UISupportedInterfaceOrientations_iPad = "UIInterfaceOrientationPortrait UIInterfaceOrientationPortraitUpsideDown UIInterfaceOrientationLandscapeLeft UIInterfaceOrientationLandscapeRight";
				INFOPLIST_KEY_UISupportedInterfaceOrientations_iPhone = "UIInterfaceOrientationPortrait UIInterfaceOrientationLandscapeLeft UIInterfaceOrientationLandscapeRight";
				LD_RUNPATH_SEARCH_PATHS = (
					"$(inherited)",
					"@executable_path/Frameworks",
				);
				MARKETING_VERSION = 1.0;
				PRODUCT_BUNDLE_IDENTIFIER = study.cartevent;
				PRODUCT_NAME = "$(TARGET_NAME)";
				SWIFT_EMIT_LOC_STRINGS = YES;
				SWIFT_VERSION = 5.0;
				TARGETED_DEVICE_FAMILY = "1,2";
			};
			name = Release;
		};
		52F280072BEE8903008BB09F /* Debug */ = {
			isa = XCBuildConfiguration;
			buildSettings = {
				ALWAYS_EMBED_SWIFT_STANDARD_LIBRARIES = YES;
				BUNDLE_LOADER = "$(TEST_HOST)";
				CODE_SIGN_STYLE = Automatic;
				CURRENT_PROJECT_VERSION = 1;
				GENERATE_INFOPLIST_FILE = YES;
				IPHONEOS_DEPLOYMENT_TARGET = 17.4;
				MARKETING_VERSION = 1.0;
				PRODUCT_BUNDLE_IDENTIFIER = study.carteventTests;
				PRODUCT_NAME = "$(TARGET_NAME)";
				SWIFT_EMIT_LOC_STRINGS = NO;
				SWIFT_VERSION = 5.0;
				TARGETED_DEVICE_FAMILY = "1,2";
				TEST_HOST = "$(BUILT_PRODUCTS_DIR)/cartevent.app/$(BUNDLE_EXECUTABLE_FOLDER_PATH)/cartevent";
			};
			name = Debug;
		};
		52F280082BEE8903008BB09F /* Release */ = {
			isa = XCBuildConfiguration;
			buildSettings = {
				ALWAYS_EMBED_SWIFT_STANDARD_LIBRARIES = YES;
				BUNDLE_LOADER = "$(TEST_HOST)";
				CODE_SIGN_STYLE = Automatic;
				CURRENT_PROJECT_VERSION = 1;
				GENERATE_INFOPLIST_FILE = YES;
				IPHONEOS_DEPLOYMENT_TARGET = 17.4;
				MARKETING_VERSION = 1.0;
				PRODUCT_BUNDLE_IDENTIFIER = study.carteventTests;
				PRODUCT_NAME = "$(TARGET_NAME)";
				SWIFT_EMIT_LOC_STRINGS = NO;
				SWIFT_VERSION = 5.0;
				TARGETED_DEVICE_FAMILY = "1,2";
				TEST_HOST = "$(BUILT_PRODUCTS_DIR)/cartevent.app/$(BUNDLE_EXECUTABLE_FOLDER_PATH)/cartevent";
			};
			name = Release;
		};
		52F2800A2BEE8903008BB09F /* Debug */ = {
			isa = XCBuildConfiguration;
			buildSettings = {
				ALWAYS_EMBED_SWIFT_STANDARD_LIBRARIES = YES;
				CODE_SIGN_STYLE = Automatic;
				CURRENT_PROJECT_VERSION = 1;
				GENERATE_INFOPLIST_FILE = YES;
				MARKETING_VERSION = 1.0;
				PRODUCT_BUNDLE_IDENTIFIER = study.carteventUITests;
				PRODUCT_NAME = "$(TARGET_NAME)";
				SWIFT_EMIT_LOC_STRINGS = NO;
				SWIFT_VERSION = 5.0;
				TARGETED_DEVICE_FAMILY = "1,2";
				TEST_TARGET_NAME = cartevent;
			};
			name = Debug;
		};
		52F2800B2BEE8903008BB09F /* Release */ = {
			isa = XCBuildConfiguration;
			buildSettings = {
				ALWAYS_EMBED_SWIFT_STANDARD_LIBRARIES = YES;
				CODE_SIGN_STYLE = Automatic;
				CURRENT_PROJECT_VERSION = 1;
				GENERATE_INFOPLIST_FILE = YES;
				MARKETING_VERSION = 1.0;
				PRODUCT_BUNDLE_IDENTIFIER = study.carteventUITests;
				PRODUCT_NAME = "$(TARGET_NAME)";
				SWIFT_EMIT_LOC_STRINGS = NO;
				SWIFT_VERSION = 5.0;
				TARGETED_DEVICE_FAMILY = "1,2";
				TEST_TARGET_NAME = cartevent;
			};
			name = Release;
		};
/* End XCBuildConfiguration section */

/* Begin XCConfigurationList section */
		52F27FD42BEE8900008BB09F /* Build configuration list for PBXProject "cartevent" */ = {
			isa = XCConfigurationList;
			buildConfigurations = (
				52F280012BEE8903008BB09F /* Debug */,
				52F280022BEE8903008BB09F /* Release */,
			);
			defaultConfigurationIsVisible = 0;
			defaultConfigurationName = Release;
		};
		52F280032BEE8903008BB09F /* Build configuration list for PBXNativeTarget "cartevent" */ = {
			isa = XCConfigurationList;
			buildConfigurations = (
				52F280042BEE8903008BB09F /* Debug */,
				52F280052BEE8903008BB09F /* Release */,
			);
			defaultConfigurationIsVisible = 0;
			defaultConfigurationName = Release;
		};
		52F280062BEE8903008BB09F /* Build configuration list for PBXNativeTarget "carteventTests" */ = {
			isa = XCConfigurationList;
			buildConfigurations = (
				52F280072BEE8903008BB09F /* Debug */,
				52F280082BEE8903008BB09F /* Release */,
			);
			defaultConfigurationIsVisible = 0;
			defaultConfigurationName = Release;
		};
		52F280092BEE8903008BB09F /* Build configuration list for PBXNativeTarget "carteventUITests" */ = {
			isa = XCConfigurationList;
			buildConfigurations = (
				52F2800A2BEE8903008BB09F /* Debug */,
				52F2800B2BEE8903008BB09F /* Release */,
			);
			defaultConfigurationIsVisible = 0;
			defaultConfigurationName = Release;
		};
/* End XCConfigurationList section */
	};
	rootObject = 52F27FD12BEE8900008BB09F /* Project object */;
}
