// !$*UTF8*$!
{
	archiveVersion = 1;
	classes = {
	};
	objectVersion = 56;
	objects = {

/* Begin PBXBuildFile section */
		520A4FC92BC3F0EF00D9C9C0 /* 스크린샷 2024-04-08 오후 6.31.07.png in Resources */ = {isa = PBXBuildFile; fileRef = 520A4FC42BC3F0EF00D9C9C0 /* 스크린샷 2024-04-08 오후 6.31.07.png */; };
		520A4FCA2BC3F0EF00D9C9C0 /* 스크린샷 2024-04-08 오후 6.30.55.png in Resources */ = {isa = PBXBuildFile; fileRef = 520A4FC52BC3F0EF00D9C9C0 /* 스크린샷 2024-04-08 오후 6.30.55.png */; };
		520A4FCB2BC3F0EF00D9C9C0 /* 스크린샷 2024-04-08 오후 6.31.01.png in Resources */ = {isa = PBXBuildFile; fileRef = 520A4FC62BC3F0EF00D9C9C0 /* 스크린샷 2024-04-08 오후 6.31.01.png */; };
		520A4FCC2BC3F0EF00D9C9C0 /* 스크린샷 2024-04-08 오후 6.30.46.png in Resources */ = {isa = PBXBuildFile; fileRef = 520A4FC72BC3F0EF00D9C9C0 /* 스크린샷 2024-04-08 오후 6.30.46.png */; };
		520A4FCD2BC3F0EF00D9C9C0 /* 스크린샷 2024-04-08 오후 6.31.13.png in Resources */ = {isa = PBXBuildFile; fileRef = 520A4FC82BC3F0EF00D9C9C0 /* 스크린샷 2024-04-08 오후 6.31.13.png */; };
		526D08FA2BC030E700C60347 /* AppDelegate.swift in Sources */ = {isa = PBXBuildFile; fileRef = 526D08F92BC030E700C60347 /* AppDelegate.swift */; };
		526D08FC2BC030E700C60347 /* SceneDelegate.swift in Sources */ = {isa = PBXBuildFile; fileRef = 526D08FB2BC030E700C60347 /* SceneDelegate.swift */; };
		526D08FE2BC030E700C60347 /* ViewController.swift in Sources */ = {isa = PBXBuildFile; fileRef = 526D08FD2BC030E700C60347 /* ViewController.swift */; };
		526D09012BC030E700C60347 /* Base in Resources */ = {isa = PBXBuildFile; fileRef = 526D09002BC030E700C60347 /* Base */; };
		526D09032BC030E800C60347 /* Assets.xcassets in Resources */ = {isa = PBXBuildFile; fileRef = 526D09022BC030E800C60347 /* Assets.xcassets */; };
		526D09062BC030E800C60347 /* Base in Resources */ = {isa = PBXBuildFile; fileRef = 526D09052BC030E800C60347 /* Base */; };
		526D09112BC030E800C60347 /* AutolayoutTests.swift in Sources */ = {isa = PBXBuildFile; fileRef = 526D09102BC030E800C60347 /* AutolayoutTests.swift */; };
		526D091B2BC030E800C60347 /* AutolayoutUITests.swift in Sources */ = {isa = PBXBuildFile; fileRef = 526D091A2BC030E800C60347 /* AutolayoutUITests.swift */; };
		526D091D2BC030E800C60347 /* AutolayoutUITestsLaunchTests.swift in Sources */ = {isa = PBXBuildFile; fileRef = 526D091C2BC030E800C60347 /* AutolayoutUITestsLaunchTests.swift */; };
		526D092A2BC3E57400C60347 /* IMG_8117.jpg in Resources */ = {isa = PBXBuildFile; fileRef = 526D09292BC3E57400C60347 /* IMG_8117.jpg */; };
		526D092C2BC3E97600C60347 /* IMG_8119.jpg in Resources */ = {isa = PBXBuildFile; fileRef = 526D092B2BC3E97600C60347 /* IMG_8119.jpg */; };
		526D092E2BC3EB9100C60347 /* IMG_8120.jpg in Resources */ = {isa = PBXBuildFile; fileRef = 526D092D2BC3EB9100C60347 /* IMG_8120.jpg */; };
		526D09312BC3EC4E00C60347 /* IMG_8122.jpg in Resources */ = {isa = PBXBuildFile; fileRef = 526D092F2BC3EC4D00C60347 /* IMG_8122.jpg */; };
		526D09322BC3EC4E00C60347 /* IMG_8121.jpg in Resources */ = {isa = PBXBuildFile; fileRef = 526D09302BC3EC4E00C60347 /* IMG_8121.jpg */; };
		526D09342BC3ECEE00C60347 /* IMG_8123.jpg in Resources */ = {isa = PBXBuildFile; fileRef = 526D09332BC3ECEE00C60347 /* IMG_8123.jpg */; };
/* End PBXBuildFile section */

/* Begin PBXContainerItemProxy section */
		526D090D2BC030E800C60347 /* PBXContainerItemProxy */ = {
			isa = PBXContainerItemProxy;
			containerPortal = 526D08EE2BC030E600C60347 /* Project object */;
			proxyType = 1;
			remoteGlobalIDString = 526D08F52BC030E600C60347;
			remoteInfo = Autolayout;
		};
		526D09172BC030E800C60347 /* PBXContainerItemProxy */ = {
			isa = PBXContainerItemProxy;
			containerPortal = 526D08EE2BC030E600C60347 /* Project object */;
			proxyType = 1;
			remoteGlobalIDString = 526D08F52BC030E600C60347;
			remoteInfo = Autolayout;
		};
/* End PBXContainerItemProxy section */

/* Begin PBXFileReference section */
		520A4FC42BC3F0EF00D9C9C0 /* 스크린샷 2024-04-08 오후 6.31.07.png */ = {isa = PBXFileReference; lastKnownFileType = image.png; path = "스크린샷 2024-04-08 오후 6.31.07.png"; sourceTree = "<group>"; };
		520A4FC52BC3F0EF00D9C9C0 /* 스크린샷 2024-04-08 오후 6.30.55.png */ = {isa = PBXFileReference; lastKnownFileType = image.png; path = "스크린샷 2024-04-08 오후 6.30.55.png"; sourceTree = "<group>"; };
		520A4FC62BC3F0EF00D9C9C0 /* 스크린샷 2024-04-08 오후 6.31.01.png */ = {isa = PBXFileReference; lastKnownFileType = image.png; path = "스크린샷 2024-04-08 오후 6.31.01.png"; sourceTree = "<group>"; };
		520A4FC72BC3F0EF00D9C9C0 /* 스크린샷 2024-04-08 오후 6.30.46.png */ = {isa = PBXFileReference; lastKnownFileType = image.png; path = "스크린샷 2024-04-08 오후 6.30.46.png"; sourceTree = "<group>"; };
		520A4FC82BC3F0EF00D9C9C0 /* 스크린샷 2024-04-08 오후 6.31.13.png */ = {isa = PBXFileReference; lastKnownFileType = image.png; path = "스크린샷 2024-04-08 오후 6.31.13.png"; sourceTree = "<group>"; };
		526D08F62BC030E700C60347 /* Autolayout.app */ = {isa = PBXFileReference; explicitFileType = wrapper.application; includeInIndex = 0; path = Autolayout.app; sourceTree = BUILT_PRODUCTS_DIR; };
		526D08F92BC030E700C60347 /* AppDelegate.swift */ = {isa = PBXFileReference; lastKnownFileType = sourcecode.swift; path = AppDelegate.swift; sourceTree = "<group>"; };
		526D08FB2BC030E700C60347 /* SceneDelegate.swift */ = {isa = PBXFileReference; lastKnownFileType = sourcecode.swift; path = SceneDelegate.swift; sourceTree = "<group>"; };
		526D08FD2BC030E700C60347 /* ViewController.swift */ = {isa = PBXFileReference; lastKnownFileType = sourcecode.swift; path = ViewController.swift; sourceTree = "<group>"; };
		526D09002BC030E700C60347 /* Base */ = {isa = PBXFileReference; lastKnownFileType = file.storyboard; name = Base; path = Base.lproj/Main.storyboard; sourceTree = "<group>"; };
		526D09022BC030E800C60347 /* Assets.xcassets */ = {isa = PBXFileReference; lastKnownFileType = folder.assetcatalog; path = Assets.xcassets; sourceTree = "<group>"; };
		526D09052BC030E800C60347 /* Base */ = {isa = PBXFileReference; lastKnownFileType = file.storyboard; name = Base; path = Base.lproj/LaunchScreen.storyboard; sourceTree = "<group>"; };
		526D09072BC030E800C60347 /* Info.plist */ = {isa = PBXFileReference; lastKnownFileType = text.plist.xml; path = Info.plist; sourceTree = "<group>"; };
		526D090C2BC030E800C60347 /* AutolayoutTests.xctest */ = {isa = PBXFileReference; explicitFileType = wrapper.cfbundle; includeInIndex = 0; path = AutolayoutTests.xctest; sourceTree = BUILT_PRODUCTS_DIR; };
		526D09102BC030E800C60347 /* AutolayoutTests.swift */ = {isa = PBXFileReference; lastKnownFileType = sourcecode.swift; path = AutolayoutTests.swift; sourceTree = "<group>"; };
		526D09162BC030E800C60347 /* AutolayoutUITests.xctest */ = {isa = PBXFileReference; explicitFileType = wrapper.cfbundle; includeInIndex = 0; path = AutolayoutUITests.xctest; sourceTree = BUILT_PRODUCTS_DIR; };
		526D091A2BC030E800C60347 /* AutolayoutUITests.swift */ = {isa = PBXFileReference; lastKnownFileType = sourcecode.swift; path = AutolayoutUITests.swift; sourceTree = "<group>"; };
		526D091C2BC030E800C60347 /* AutolayoutUITestsLaunchTests.swift */ = {isa = PBXFileReference; lastKnownFileType = sourcecode.swift; path = AutolayoutUITestsLaunchTests.swift; sourceTree = "<group>"; };
		526D09292BC3E57400C60347 /* IMG_8117.jpg */ = {isa = PBXFileReference; lastKnownFileType = image.jpeg; path = IMG_8117.jpg; sourceTree = "<group>"; };
		526D092B2BC3E97600C60347 /* IMG_8119.jpg */ = {isa = PBXFileReference; lastKnownFileType = image.jpeg; path = IMG_8119.jpg; sourceTree = "<group>"; };
		526D092D2BC3EB9100C60347 /* IMG_8120.jpg */ = {isa = PBXFileReference; lastKnownFileType = image.jpeg; path = IMG_8120.jpg; sourceTree = "<group>"; };
		526D092F2BC3EC4D00C60347 /* IMG_8122.jpg */ = {isa = PBXFileReference; lastKnownFileType = image.jpeg; path = IMG_8122.jpg; sourceTree = "<group>"; };
		526D09302BC3EC4E00C60347 /* IMG_8121.jpg */ = {isa = PBXFileReference; lastKnownFileType = image.jpeg; path = IMG_8121.jpg; sourceTree = "<group>"; };
		526D09332BC3ECEE00C60347 /* IMG_8123.jpg */ = {isa = PBXFileReference; lastKnownFileType = image.jpeg; path = IMG_8123.jpg; sourceTree = "<group>"; };
/* End PBXFileReference section */

/* Begin PBXFrameworksBuildPhase section */
		526D08F32BC030E600C60347 /* Frameworks */ = {
			isa = PBXFrameworksBuildPhase;
			buildActionMask = 2147483647;
			files = (
			);
			runOnlyForDeploymentPostprocessing = 0;
		};
		526D09092BC030E800C60347 /* Frameworks */ = {
			isa = PBXFrameworksBuildPhase;
			buildActionMask = 2147483647;
			files = (
			);
			runOnlyForDeploymentPostprocessing = 0;
		};
		526D09132BC030E800C60347 /* Frameworks */ = {
			isa = PBXFrameworksBuildPhase;
			buildActionMask = 2147483647;
			files = (
			);
			runOnlyForDeploymentPostprocessing = 0;
		};
/* End PBXFrameworksBuildPhase section */

/* Begin PBXGroup section */
		526D08ED2BC030E600C60347 = {
			isa = PBXGroup;
			children = (
				526D08F82BC030E700C60347 /* Autolayout */,
				526D090F2BC030E800C60347 /* AutolayoutTests */,
				526D09192BC030E800C60347 /* AutolayoutUITests */,
				526D08F72BC030E700C60347 /* Products */,
			);
			sourceTree = "<group>";
		};
		526D08F72BC030E700C60347 /* Products */ = {
			isa = PBXGroup;
			children = (
				526D08F62BC030E700C60347 /* Autolayout.app */,
				526D090C2BC030E800C60347 /* AutolayoutTests.xctest */,
				526D09162BC030E800C60347 /* AutolayoutUITests.xctest */,
			);
			name = Products;
			sourceTree = "<group>";
		};
		526D08F82BC030E700C60347 /* Autolayout */ = {
			isa = PBXGroup;
			children = (
				526D08F92BC030E700C60347 /* AppDelegate.swift */,
				526D08FB2BC030E700C60347 /* SceneDelegate.swift */,
				526D08FD2BC030E700C60347 /* ViewController.swift */,
				526D09292BC3E57400C60347 /* IMG_8117.jpg */,
				526D092B2BC3E97600C60347 /* IMG_8119.jpg */,
				526D092D2BC3EB9100C60347 /* IMG_8120.jpg */,
				526D09302BC3EC4E00C60347 /* IMG_8121.jpg */,
				526D092F2BC3EC4D00C60347 /* IMG_8122.jpg */,
				526D09332BC3ECEE00C60347 /* IMG_8123.jpg */,
				520A4FC72BC3F0EF00D9C9C0 /* 스크린샷 2024-04-08 오후 6.30.46.png */,
				520A4FC52BC3F0EF00D9C9C0 /* 스크린샷 2024-04-08 오후 6.30.55.png */,
				520A4FC62BC3F0EF00D9C9C0 /* 스크린샷 2024-04-08 오후 6.31.01.png */,
				520A4FC42BC3F0EF00D9C9C0 /* 스크린샷 2024-04-08 오후 6.31.07.png */,
				520A4FC82BC3F0EF00D9C9C0 /* 스크린샷 2024-04-08 오후 6.31.13.png */,
				526D08FF2BC030E700C60347 /* Main.storyboard */,
				526D09022BC030E800C60347 /* Assets.xcassets */,
				526D09042BC030E800C60347 /* LaunchScreen.storyboard */,
				526D09072BC030E800C60347 /* Info.plist */,
			);
			path = Autolayout;
			sourceTree = "<group>";
		};
		526D090F2BC030E800C60347 /* AutolayoutTests */ = {
			isa = PBXGroup;
			children = (
				526D09102BC030E800C60347 /* AutolayoutTests.swift */,
			);
			path = AutolayoutTests;
			sourceTree = "<group>";
		};
		526D09192BC030E800C60347 /* AutolayoutUITests */ = {
			isa = PBXGroup;
			children = (
				526D091A2BC030E800C60347 /* AutolayoutUITests.swift */,
				526D091C2BC030E800C60347 /* AutolayoutUITestsLaunchTests.swift */,
			);
			path = AutolayoutUITests;
			sourceTree = "<group>";
		};
/* End PBXGroup section */

/* Begin PBXNativeTarget section */
		526D08F52BC030E600C60347 /* Autolayout */ = {
			isa = PBXNativeTarget;
			buildConfigurationList = 526D09202BC030E800C60347 /* Build configuration list for PBXNativeTarget "Autolayout" */;
			buildPhases = (
				526D08F22BC030E600C60347 /* Sources */,
				526D08F32BC030E600C60347 /* Frameworks */,
				526D08F42BC030E600C60347 /* Resources */,
			);
			buildRules = (
			);
			dependencies = (
			);
			name = Autolayout;
			productName = Autolayout;
			productReference = 526D08F62BC030E700C60347 /* Autolayout.app */;
			productType = "com.apple.product-type.application";
		};
		526D090B2BC030E800C60347 /* AutolayoutTests */ = {
			isa = PBXNativeTarget;
			buildConfigurationList = 526D09232BC030E800C60347 /* Build configuration list for PBXNativeTarget "AutolayoutTests" */;
			buildPhases = (
				526D09082BC030E800C60347 /* Sources */,
				526D09092BC030E800C60347 /* Frameworks */,
				526D090A2BC030E800C60347 /* Resources */,
			);
			buildRules = (
			);
			dependencies = (
				526D090E2BC030E800C60347 /* PBXTargetDependency */,
			);
			name = AutolayoutTests;
			productName = AutolayoutTests;
			productReference = 526D090C2BC030E800C60347 /* AutolayoutTests.xctest */;
			productType = "com.apple.product-type.bundle.unit-test";
		};
		526D09152BC030E800C60347 /* AutolayoutUITests */ = {
			isa = PBXNativeTarget;
			buildConfigurationList = 526D09262BC030E800C60347 /* Build configuration list for PBXNativeTarget "AutolayoutUITests" */;
			buildPhases = (
				526D09122BC030E800C60347 /* Sources */,
				526D09132BC030E800C60347 /* Frameworks */,
				526D09142BC030E800C60347 /* Resources */,
			);
			buildRules = (
			);
			dependencies = (
				526D09182BC030E800C60347 /* PBXTargetDependency */,
			);
			name = AutolayoutUITests;
			productName = AutolayoutUITests;
			productReference = 526D09162BC030E800C60347 /* AutolayoutUITests.xctest */;
			productType = "com.apple.product-type.bundle.ui-testing";
		};
/* End PBXNativeTarget section */

/* Begin PBXProject section */
		526D08EE2BC030E600C60347 /* Project object */ = {
			isa = PBXProject;
			attributes = {
				BuildIndependentTargetsInParallel = 1;
				LastSwiftUpdateCheck = 1530;
				LastUpgradeCheck = 1530;
				TargetAttributes = {
					526D08F52BC030E600C60347 = {
						CreatedOnToolsVersion = 15.3;
					};
					526D090B2BC030E800C60347 = {
						CreatedOnToolsVersion = 15.3;
						TestTargetID = 526D08F52BC030E600C60347;
					};
					526D09152BC030E800C60347 = {
						CreatedOnToolsVersion = 15.3;
						TestTargetID = 526D08F52BC030E600C60347;
					};
				};
			};
			buildConfigurationList = 526D08F12BC030E600C60347 /* Build configuration list for PBXProject "Autolayout" */;
			compatibilityVersion = "Xcode 14.0";
			developmentRegion = en;
			hasScannedForEncodings = 0;
			knownRegions = (
				en,
				Base,
			);
			mainGroup = 526D08ED2BC030E600C60347;
			productRefGroup = 526D08F72BC030E700C60347 /* Products */;
			projectDirPath = "";
			projectRoot = "";
			targets = (
				526D08F52BC030E600C60347 /* Autolayout */,
				526D090B2BC030E800C60347 /* AutolayoutTests */,
				526D09152BC030E800C60347 /* AutolayoutUITests */,
			);
		};
/* End PBXProject section */

/* Begin PBXResourcesBuildPhase section */
		526D08F42BC030E600C60347 /* Resources */ = {
			isa = PBXResourcesBuildPhase;
			buildActionMask = 2147483647;
			files = (
				526D092A2BC3E57400C60347 /* IMG_8117.jpg in Resources */,
				520A4FCA2BC3F0EF00D9C9C0 /* 스크린샷 2024-04-08 오후 6.30.55.png in Resources */,
				520A4FCD2BC3F0EF00D9C9C0 /* 스크린샷 2024-04-08 오후 6.31.13.png in Resources */,
				526D09032BC030E800C60347 /* Assets.xcassets in Resources */,
				520A4FCC2BC3F0EF00D9C9C0 /* 스크린샷 2024-04-08 오후 6.30.46.png in Resources */,
				520A4FCB2BC3F0EF00D9C9C0 /* 스크린샷 2024-04-08 오후 6.31.01.png in Resources */,
				526D092E2BC3EB9100C60347 /* IMG_8120.jpg in Resources */,
				526D09322BC3EC4E00C60347 /* IMG_8121.jpg in Resources */,
				526D09062BC030E800C60347 /* Base in Resources */,
				526D09012BC030E700C60347 /* Base in Resources */,
				526D092C2BC3E97600C60347 /* IMG_8119.jpg in Resources */,
				526D09312BC3EC4E00C60347 /* IMG_8122.jpg in Resources */,
				526D09342BC3ECEE00C60347 /* IMG_8123.jpg in Resources */,
				520A4FC92BC3F0EF00D9C9C0 /* 스크린샷 2024-04-08 오후 6.31.07.png in Resources */,
			);
			runOnlyForDeploymentPostprocessing = 0;
		};
		526D090A2BC030E800C60347 /* Resources */ = {
			isa = PBXResourcesBuildPhase;
			buildActionMask = 2147483647;
			files = (
			);
			runOnlyForDeploymentPostprocessing = 0;
		};
		526D09142BC030E800C60347 /* Resources */ = {
			isa = PBXResourcesBuildPhase;
			buildActionMask = 2147483647;
			files = (
			);
			runOnlyForDeploymentPostprocessing = 0;
		};
/* End PBXResourcesBuildPhase section */

/* Begin PBXSourcesBuildPhase section */
		526D08F22BC030E600C60347 /* Sources */ = {
			isa = PBXSourcesBuildPhase;
			buildActionMask = 2147483647;
			files = (
				526D08FE2BC030E700C60347 /* ViewController.swift in Sources */,
				526D08FA2BC030E700C60347 /* AppDelegate.swift in Sources */,
				526D08FC2BC030E700C60347 /* SceneDelegate.swift in Sources */,
			);
			runOnlyForDeploymentPostprocessing = 0;
		};
		526D09082BC030E800C60347 /* Sources */ = {
			isa = PBXSourcesBuildPhase;
			buildActionMask = 2147483647;
			files = (
				526D09112BC030E800C60347 /* AutolayoutTests.swift in Sources */,
			);
			runOnlyForDeploymentPostprocessing = 0;
		};
		526D09122BC030E800C60347 /* Sources */ = {
			isa = PBXSourcesBuildPhase;
			buildActionMask = 2147483647;
			files = (
				526D091B2BC030E800C60347 /* AutolayoutUITests.swift in Sources */,
				526D091D2BC030E800C60347 /* AutolayoutUITestsLaunchTests.swift in Sources */,
			);
			runOnlyForDeploymentPostprocessing = 0;
		};
/* End PBXSourcesBuildPhase section */

/* Begin PBXTargetDependency section */
		526D090E2BC030E800C60347 /* PBXTargetDependency */ = {
			isa = PBXTargetDependency;
			target = 526D08F52BC030E600C60347 /* Autolayout */;
			targetProxy = 526D090D2BC030E800C60347 /* PBXContainerItemProxy */;
		};
		526D09182BC030E800C60347 /* PBXTargetDependency */ = {
			isa = PBXTargetDependency;
			target = 526D08F52BC030E600C60347 /* Autolayout */;
			targetProxy = 526D09172BC030E800C60347 /* PBXContainerItemProxy */;
		};
/* End PBXTargetDependency section */

/* Begin PBXVariantGroup section */
		526D08FF2BC030E700C60347 /* Main.storyboard */ = {
			isa = PBXVariantGroup;
			children = (
				526D09002BC030E700C60347 /* Base */,
			);
			name = Main.storyboard;
			sourceTree = "<group>";
		};
		526D09042BC030E800C60347 /* LaunchScreen.storyboard */ = {
			isa = PBXVariantGroup;
			children = (
				526D09052BC030E800C60347 /* Base */,
			);
			name = LaunchScreen.storyboard;
			sourceTree = "<group>";
		};
/* End PBXVariantGroup section */

/* Begin XCBuildConfiguration section */
		526D091E2BC030E800C60347 /* Debug */ = {
			isa = XCBuildConfiguration;
			buildSettings = {
				ALWAYS_SEARCH_USER_PATHS = NO;
				ASSETCATALOG_COMPILER_GENERATE_SWIFT_ASSET_SYMBOL_EXTENSIONS = YES;
				CLANG_ANALYZER_NONNULL = YES;
				CLANG_ANALYZER_NUMBER_OBJECT_CONVERSION = YES_AGGRESSIVE;
				CLANG_CXX_LANGUAGE_STANDARD = "gnu++20";
				CLANG_ENABLE_MODULES = YES;
				CLANG_ENABLE_OBJC_ARC = YES;
				CLANG_ENABLE_OBJC_WEAK = YES;
				CLANG_WARN_BLOCK_CAPTURE_AUTORELEASING = YES;
				CLANG_WARN_BOOL_CONVERSION = YES;
				CLANG_WARN_COMMA = YES;
				CLANG_WARN_CONSTANT_CONVERSION = YES;
				CLANG_WARN_DEPRECATED_OBJC_IMPLEMENTATIONS = YES;
				CLANG_WARN_DIRECT_OBJC_ISA_USAGE = YES_ERROR;
				CLANG_WARN_DOCUMENTATION_COMMENTS = YES;
				CLANG_WARN_EMPTY_BODY = YES;
				CLANG_WARN_ENUM_CONVERSION = YES;
				CLANG_WARN_INFINITE_RECURSION = YES;
				CLANG_WARN_INT_CONVERSION = YES;
				CLANG_WARN_NON_LITERAL_NULL_CONVERSION = YES;
				CLANG_WARN_OBJC_IMPLICIT_RETAIN_SELF = YES;
				CLANG_WARN_OBJC_LITERAL_CONVERSION = YES;
				CLANG_WARN_OBJC_ROOT_CLASS = YES_ERROR;
				CLANG_WARN_QUOTED_INCLUDE_IN_FRAMEWORK_HEADER = YES;
				CLANG_WARN_RANGE_LOOP_ANALYSIS = YES;
				CLANG_WARN_STRICT_PROTOTYPES = YES;
				CLANG_WARN_SUSPICIOUS_MOVE = YES;
				CLANG_WARN_UNGUARDED_AVAILABILITY = YES_AGGRESSIVE;
				CLANG_WARN_UNREACHABLE_CODE = YES;
				CLANG_WARN__DUPLICATE_METHOD_MATCH = YES;
				COPY_PHASE_STRIP = NO;
				DEBUG_INFORMATION_FORMAT = dwarf;
				ENABLE_STRICT_OBJC_MSGSEND = YES;
				ENABLE_TESTABILITY = YES;
				ENABLE_USER_SCRIPT_SANDBOXING = YES;
				GCC_C_LANGUAGE_STANDARD = gnu17;
				GCC_DYNAMIC_NO_PIC = NO;
				GCC_NO_COMMON_BLOCKS = YES;
				GCC_OPTIMIZATION_LEVEL = 0;
				GCC_PREPROCESSOR_DEFINITIONS = (
					"DEBUG=1",
					"$(inherited)",
				);
				GCC_WARN_64_TO_32_BIT_CONVERSION = YES;
				GCC_WARN_ABOUT_RETURN_TYPE = YES_ERROR;
				GCC_WARN_UNDECLARED_SELECTOR = YES;
				GCC_WARN_UNINITIALIZED_AUTOS = YES_AGGRESSIVE;
				GCC_WARN_UNUSED_FUNCTION = YES;
				GCC_WARN_UNUSED_VARIABLE = YES;
				IPHONEOS_DEPLOYMENT_TARGET = 17.4;
				LOCALIZATION_PREFERS_STRING_CATALOGS = YES;
				MTL_ENABLE_DEBUG_INFO = INCLUDE_SOURCE;
				MTL_FAST_MATH = YES;
				ONLY_ACTIVE_ARCH = YES;
				SDKROOT = iphoneos;
				SWIFT_ACTIVE_COMPILATION_CONDITIONS = "DEBUG $(inherited)";
				SWIFT_OPTIMIZATION_LEVEL = "-Onone";
			};
			name = Debug;
		};
		526D091F2BC030E800C60347 /* Release */ = {
			isa = XCBuildConfiguration;
			buildSettings = {
				ALWAYS_SEARCH_USER_PATHS = NO;
				ASSETCATALOG_COMPILER_GENERATE_SWIFT_ASSET_SYMBOL_EXTENSIONS = YES;
				CLANG_ANALYZER_NONNULL = YES;
				CLANG_ANALYZER_NUMBER_OBJECT_CONVERSION = YES_AGGRESSIVE;
				CLANG_CXX_LANGUAGE_STANDARD = "gnu++20";
				CLANG_ENABLE_MODULES = YES;
				CLANG_ENABLE_OBJC_ARC = YES;
				CLANG_ENABLE_OBJC_WEAK = YES;
				CLANG_WARN_BLOCK_CAPTURE_AUTORELEASING = YES;
				CLANG_WARN_BOOL_CONVERSION = YES;
				CLANG_WARN_COMMA = YES;
				CLANG_WARN_CONSTANT_CONVERSION = YES;
				CLANG_WARN_DEPRECATED_OBJC_IMPLEMENTATIONS = YES;
				CLANG_WARN_DIRECT_OBJC_ISA_USAGE = YES_ERROR;
				CLANG_WARN_DOCUMENTATION_COMMENTS = YES;
				CLANG_WARN_EMPTY_BODY = YES;
				CLANG_WARN_ENUM_CONVERSION = YES;
				CLANG_WARN_INFINITE_RECURSION = YES;
				CLANG_WARN_INT_CONVERSION = YES;
				CLANG_WARN_NON_LITERAL_NULL_CONVERSION = YES;
				CLANG_WARN_OBJC_IMPLICIT_RETAIN_SELF = YES;
				CLANG_WARN_OBJC_LITERAL_CONVERSION = YES;
				CLANG_WARN_OBJC_ROOT_CLASS = YES_ERROR;
				CLANG_WARN_QUOTED_INCLUDE_IN_FRAMEWORK_HEADER = YES;
				CLANG_WARN_RANGE_LOOP_ANALYSIS = YES;
				CLANG_WARN_STRICT_PROTOTYPES = YES;
				CLANG_WARN_SUSPICIOUS_MOVE = YES;
				CLANG_WARN_UNGUARDED_AVAILABILITY = YES_AGGRESSIVE;
				CLANG_WARN_UNREACHABLE_CODE = YES;
				CLANG_WARN__DUPLICATE_METHOD_MATCH = YES;
				COPY_PHASE_STRIP = NO;
				DEBUG_INFORMATION_FORMAT = "dwarf-with-dsym";
				ENABLE_NS_ASSERTIONS = NO;
				ENABLE_STRICT_OBJC_MSGSEND = YES;
				ENABLE_USER_SCRIPT_SANDBOXING = YES;
				GCC_C_LANGUAGE_STANDARD = gnu17;
				GCC_NO_COMMON_BLOCKS = YES;
				GCC_WARN_64_TO_32_BIT_CONVERSION = YES;
				GCC_WARN_ABOUT_RETURN_TYPE = YES_ERROR;
				GCC_WARN_UNDECLARED_SELECTOR = YES;
				GCC_WARN_UNINITIALIZED_AUTOS = YES_AGGRESSIVE;
				GCC_WARN_UNUSED_FUNCTION = YES;
				GCC_WARN_UNUSED_VARIABLE = YES;
				IPHONEOS_DEPLOYMENT_TARGET = 17.4;
				LOCALIZATION_PREFERS_STRING_CATALOGS = YES;
				MTL_ENABLE_DEBUG_INFO = NO;
				MTL_FAST_MATH = YES;
				SDKROOT = iphoneos;
				SWIFT_COMPILATION_MODE = wholemodule;
				VALIDATE_PRODUCT = YES;
			};
			name = Release;
		};
		526D09212BC030E800C60347 /* Debug */ = {
			isa = XCBuildConfiguration;
			buildSettings = {
				ASSETCATALOG_COMPILER_APPICON_NAME = AppIcon;
				ASSETCATALOG_COMPILER_GLOBAL_ACCENT_COLOR_NAME = AccentColor;
				CODE_SIGN_STYLE = Automatic;
				CURRENT_PROJECT_VERSION = 1;
				GENERATE_INFOPLIST_FILE = YES;
				INFOPLIST_FILE = Autolayout/Info.plist;
				INFOPLIST_KEY_UIApplicationSupportsIndirectInputEvents = YES;
				INFOPLIST_KEY_UILaunchStoryboardName = LaunchScreen;
				INFOPLIST_KEY_UIMainStoryboardFile = Main;
				INFOPLIST_KEY_UISupportedInterfaceOrientations_iPad = "UIInterfaceOrientationPortrait UIInterfaceOrientationPortraitUpsideDown UIInterfaceOrientationLandscapeLeft UIInterfaceOrientationLandscapeRight";
				INFOPLIST_KEY_UISupportedInterfaceOrientations_iPhone = "UIInterfaceOrientationPortrait UIInterfaceOrientationLandscapeLeft UIInterfaceOrientationLandscapeRight";
				LD_RUNPATH_SEARCH_PATHS = (
					"$(inherited)",
					"@executable_path/Frameworks",
				);
				MARKETING_VERSION = 1.0;
				PRODUCT_BUNDLE_IDENTIFIER = study.Autolayout;
				PRODUCT_NAME = "$(TARGET_NAME)";
				SWIFT_EMIT_LOC_STRINGS = YES;
				SWIFT_VERSION = 5.0;
				TARGETED_DEVICE_FAMILY = "1,2";
			};
			name = Debug;
		};
		526D09222BC030E800C60347 /* Release */ = {
			isa = XCBuildConfiguration;
			buildSettings = {
				ASSETCATALOG_COMPILER_APPICON_NAME = AppIcon;
				ASSETCATALOG_COMPILER_GLOBAL_ACCENT_COLOR_NAME = AccentColor;
				CODE_SIGN_STYLE = Automatic;
				CURRENT_PROJECT_VERSION = 1;
				GENERATE_INFOPLIST_FILE = YES;
				INFOPLIST_FILE = Autolayout/Info.plist;
				INFOPLIST_KEY_UIApplicationSupportsIndirectInputEvents = YES;
				INFOPLIST_KEY_UILaunchStoryboardName = LaunchScreen;
				INFOPLIST_KEY_UIMainStoryboardFile = Main;
				INFOPLIST_KEY_UISupportedInterfaceOrientations_iPad = "UIInterfaceOrientationPortrait UIInterfaceOrientationPortraitUpsideDown UIInterfaceOrientationLandscapeLeft UIInterfaceOrientationLandscapeRight";
				INFOPLIST_KEY_UISupportedInterfaceOrientations_iPhone = "UIInterfaceOrientationPortrait UIInterfaceOrientationLandscapeLeft UIInterfaceOrientationLandscapeRight";
				LD_RUNPATH_SEARCH_PATHS = (
					"$(inherited)",
					"@executable_path/Frameworks",
				);
				MARKETING_VERSION = 1.0;
				PRODUCT_BUNDLE_IDENTIFIER = study.Autolayout;
				PRODUCT_NAME = "$(TARGET_NAME)";
				SWIFT_EMIT_LOC_STRINGS = YES;
				SWIFT_VERSION = 5.0;
				TARGETED_DEVICE_FAMILY = "1,2";
			};
			name = Release;
		};
		526D09242BC030E800C60347 /* Debug */ = {
			isa = XCBuildConfiguration;
			buildSettings = {
				ALWAYS_EMBED_SWIFT_STANDARD_LIBRARIES = YES;
				BUNDLE_LOADER = "$(TEST_HOST)";
				CODE_SIGN_STYLE = Automatic;
				CURRENT_PROJECT_VERSION = 1;
				GENERATE_INFOPLIST_FILE = YES;
				IPHONEOS_DEPLOYMENT_TARGET = 17.4;
				MARKETING_VERSION = 1.0;
				PRODUCT_BUNDLE_IDENTIFIER = study.AutolayoutTests;
				PRODUCT_NAME = "$(TARGET_NAME)";
				SWIFT_EMIT_LOC_STRINGS = NO;
				SWIFT_VERSION = 5.0;
				TARGETED_DEVICE_FAMILY = "1,2";
				TEST_HOST = "$(BUILT_PRODUCTS_DIR)/Autolayout.app/$(BUNDLE_EXECUTABLE_FOLDER_PATH)/Autolayout";
			};
			name = Debug;
		};
		526D09252BC030E800C60347 /* Release */ = {
			isa = XCBuildConfiguration;
			buildSettings = {
				ALWAYS_EMBED_SWIFT_STANDARD_LIBRARIES = YES;
				BUNDLE_LOADER = "$(TEST_HOST)";
				CODE_SIGN_STYLE = Automatic;
				CURRENT_PROJECT_VERSION = 1;
				GENERATE_INFOPLIST_FILE = YES;
				IPHONEOS_DEPLOYMENT_TARGET = 17.4;
				MARKETING_VERSION = 1.0;
				PRODUCT_BUNDLE_IDENTIFIER = study.AutolayoutTests;
				PRODUCT_NAME = "$(TARGET_NAME)";
				SWIFT_EMIT_LOC_STRINGS = NO;
				SWIFT_VERSION = 5.0;
				TARGETED_DEVICE_FAMILY = "1,2";
				TEST_HOST = "$(BUILT_PRODUCTS_DIR)/Autolayout.app/$(BUNDLE_EXECUTABLE_FOLDER_PATH)/Autolayout";
			};
			name = Release;
		};
		526D09272BC030E800C60347 /* Debug */ = {
			isa = XCBuildConfiguration;
			buildSettings = {
				ALWAYS_EMBED_SWIFT_STANDARD_LIBRARIES = YES;
				CODE_SIGN_STYLE = Automatic;
				CURRENT_PROJECT_VERSION = 1;
				GENERATE_INFOPLIST_FILE = YES;
				MARKETING_VERSION = 1.0;
				PRODUCT_BUNDLE_IDENTIFIER = study.AutolayoutUITests;
				PRODUCT_NAME = "$(TARGET_NAME)";
				SWIFT_EMIT_LOC_STRINGS = NO;
				SWIFT_VERSION = 5.0;
				TARGETED_DEVICE_FAMILY = "1,2";
				TEST_TARGET_NAME = Autolayout;
			};
			name = Debug;
		};
		526D09282BC030E800C60347 /* Release */ = {
			isa = XCBuildConfiguration;
			buildSettings = {
				ALWAYS_EMBED_SWIFT_STANDARD_LIBRARIES = YES;
				CODE_SIGN_STYLE = Automatic;
				CURRENT_PROJECT_VERSION = 1;
				GENERATE_INFOPLIST_FILE = YES;
				MARKETING_VERSION = 1.0;
				PRODUCT_BUNDLE_IDENTIFIER = study.AutolayoutUITests;
				PRODUCT_NAME = "$(TARGET_NAME)";
				SWIFT_EMIT_LOC_STRINGS = NO;
				SWIFT_VERSION = 5.0;
				TARGETED_DEVICE_FAMILY = "1,2";
				TEST_TARGET_NAME = Autolayout;
			};
			name = Release;
		};
/* End XCBuildConfiguration section */

/* Begin XCConfigurationList section */
		526D08F12BC030E600C60347 /* Build configuration list for PBXProject "Autolayout" */ = {
			isa = XCConfigurationList;
			buildConfigurations = (
				526D091E2BC030E800C60347 /* Debug */,
				526D091F2BC030E800C60347 /* Release */,
			);
			defaultConfigurationIsVisible = 0;
			defaultConfigurationName = Release;
		};
		526D09202BC030E800C60347 /* Build configuration list for PBXNativeTarget "Autolayout" */ = {
			isa = XCConfigurationList;
			buildConfigurations = (
				526D09212BC030E800C60347 /* Debug */,
				526D09222BC030E800C60347 /* Release */,
			);
			defaultConfigurationIsVisible = 0;
			defaultConfigurationName = Release;
		};
		526D09232BC030E800C60347 /* Build configuration list for PBXNativeTarget "AutolayoutTests" */ = {
			isa = XCConfigurationList;
			buildConfigurations = (
				526D09242BC030E800C60347 /* Debug */,
				526D09252BC030E800C60347 /* Release */,
			);
			defaultConfigurationIsVisible = 0;
			defaultConfigurationName = Release;
		};
		526D09262BC030E800C60347 /* Build configuration list for PBXNativeTarget "AutolayoutUITests" */ = {
			isa = XCConfigurationList;
			buildConfigurations = (
				526D09272BC030E800C60347 /* Debug */,
				526D09282BC030E800C60347 /* Release */,
			);
			defaultConfigurationIsVisible = 0;
			defaultConfigurationName = Release;
		};
/* End XCConfigurationList section */
	};
	rootObject = 526D08EE2BC030E600C60347 /* Project object */;
}
